// !$*UTF8*$!
{
	archiveVersion = 1;
	classes = {
	};
	objectVersion = 56;
	objects = {

/* Begin PBXBuildFile section */
		4A2514152ACB02A00051BD92 /* Authentication.framework in Frameworks */ = {isa = PBXBuildFile; fileRef = 4A2514142ACB02A00051BD92 /* Authentication.framework */; };
		4A2514162ACB02A00051BD92 /* Authentication.framework in Embed Frameworks */ = {isa = PBXBuildFile; fileRef = 4A2514142ACB02A00051BD92 /* Authentication.framework */; settings = {ATTRIBUTES = (CodeSignOnCopy, RemoveHeadersOnCopy, ); }; };
		4A25141E2ACB048A0051BD92 /* Swinject in Frameworks */ = {isa = PBXBuildFile; productRef = 4A25141D2ACB048A0051BD92 /* Swinject */; };
		4A2514212ACB04A90051BD92 /* SwinjectAutoregistration in Frameworks */ = {isa = PBXBuildFile; productRef = 4A2514202ACB04A90051BD92 /* SwinjectAutoregistration */; };
		4A2514262ACB0E090051BD92 /* LoginCoordinator.swift in Sources */ = {isa = PBXBuildFile; fileRef = 4A2514252ACB0E090051BD92 /* LoginCoordinator.swift */; };
		4A25149E2ACB48370051BD92 /* Assembler.swift in Sources */ = {isa = PBXBuildFile; fileRef = 4A25149D2ACB48370051BD92 /* Assembler.swift */; };
		4A2514A32ACB52DF0051BD92 /* LoginAssembler.swift in Sources */ = {isa = PBXBuildFile; fileRef = 4A2514A22ACB52DF0051BD92 /* LoginAssembler.swift */; };
		4A40B4072ACAE83400BC6256 /* AppDelegate.swift in Sources */ = {isa = PBXBuildFile; fileRef = 4A40B4062ACAE83400BC6256 /* AppDelegate.swift */; };
		4A40B4092ACAE83400BC6256 /* SceneDelegate.swift in Sources */ = {isa = PBXBuildFile; fileRef = 4A40B4082ACAE83400BC6256 /* SceneDelegate.swift */; };
		4A40B4102ACAE83500BC6256 /* Assets.xcassets in Resources */ = {isa = PBXBuildFile; fileRef = 4A40B40F2ACAE83500BC6256 /* Assets.xcassets */; };
		4A40B4132ACAE83500BC6256 /* LaunchScreen.storyboard in Resources */ = {isa = PBXBuildFile; fileRef = 4A40B4112ACAE83500BC6256 /* LaunchScreen.storyboard */; };
		4A40B41C2ACAEB1D00BC6256 /* FirebaseAnalytics in Frameworks */ = {isa = PBXBuildFile; productRef = 4A40B41B2ACAEB1D00BC6256 /* FirebaseAnalytics */; };
		4A40B41E2ACAEB1D00BC6256 /* FirebaseAnalyticsSwift in Frameworks */ = {isa = PBXBuildFile; productRef = 4A40B41D2ACAEB1D00BC6256 /* FirebaseAnalyticsSwift */; };
		4A40B4202ACAEB1D00BC6256 /* FirebaseAuth in Frameworks */ = {isa = PBXBuildFile; productRef = 4A40B41F2ACAEB1D00BC6256 /* FirebaseAuth */; };
		4A40B4222ACAEB1D00BC6256 /* FirebaseCrashlytics in Frameworks */ = {isa = PBXBuildFile; productRef = 4A40B4212ACAEB1D00BC6256 /* FirebaseCrashlytics */; };
		4A40B4242ACAEB1D00BC6256 /* FirebaseMessaging in Frameworks */ = {isa = PBXBuildFile; productRef = 4A40B4232ACAEB1D00BC6256 /* FirebaseMessaging */; };
		4A40B4262ACAEB6700BC6256 /* GoogleService-Info.plist in Resources */ = {isa = PBXBuildFile; fileRef = 4A40B4252ACAEB6700BC6256 /* GoogleService-Info.plist */; };
/* End PBXBuildFile section */

/* Begin PBXCopyFilesBuildPhase section */
		4A2514172ACB02A00051BD92 /* Embed Frameworks */ = {
			isa = PBXCopyFilesBuildPhase;
			buildActionMask = 2147483647;
			dstPath = "";
			dstSubfolderSpec = 10;
			files = (
				4A2514162ACB02A00051BD92 /* Authentication.framework in Embed Frameworks */,
			);
			name = "Embed Frameworks";
			runOnlyForDeploymentPostprocessing = 0;
		};
/* End PBXCopyFilesBuildPhase section */

/* Begin PBXFileReference section */
		4A2514142ACB02A00051BD92 /* Authentication.framework */ = {isa = PBXFileReference; explicitFileType = wrapper.framework; path = Authentication.framework; sourceTree = BUILT_PRODUCTS_DIR; };
		4A2514252ACB0E090051BD92 /* LoginCoordinator.swift */ = {isa = PBXFileReference; lastKnownFileType = sourcecode.swift; path = LoginCoordinator.swift; sourceTree = "<group>"; };
		4A25149D2ACB48370051BD92 /* Assembler.swift */ = {isa = PBXFileReference; lastKnownFileType = sourcecode.swift; path = Assembler.swift; sourceTree = "<group>"; };
		4A2514A22ACB52DF0051BD92 /* LoginAssembler.swift */ = {isa = PBXFileReference; fileEncoding = 4; lastKnownFileType = sourcecode.swift; path = LoginAssembler.swift; sourceTree = "<group>"; };
		4A40B4032ACAE83400BC6256 /* FxiOS.app */ = {isa = PBXFileReference; explicitFileType = wrapper.application; includeInIndex = 0; path = FxiOS.app; sourceTree = BUILT_PRODUCTS_DIR; };
		4A40B4062ACAE83400BC6256 /* AppDelegate.swift */ = {isa = PBXFileReference; lastKnownFileType = sourcecode.swift; path = AppDelegate.swift; sourceTree = "<group>"; };
		4A40B4082ACAE83400BC6256 /* SceneDelegate.swift */ = {isa = PBXFileReference; lastKnownFileType = sourcecode.swift; path = SceneDelegate.swift; sourceTree = "<group>"; };
		4A40B40F2ACAE83500BC6256 /* Assets.xcassets */ = {isa = PBXFileReference; lastKnownFileType = folder.assetcatalog; path = Assets.xcassets; sourceTree = "<group>"; };
		4A40B4122ACAE83500BC6256 /* Base */ = {isa = PBXFileReference; lastKnownFileType = file.storyboard; name = Base; path = Base.lproj/LaunchScreen.storyboard; sourceTree = "<group>"; };
		4A40B4142ACAE83500BC6256 /* Info.plist */ = {isa = PBXFileReference; lastKnownFileType = text.plist.xml; path = Info.plist; sourceTree = "<group>"; };
		4A40B4252ACAEB6700BC6256 /* GoogleService-Info.plist */ = {isa = PBXFileReference; fileEncoding = 4; lastKnownFileType = text.plist.xml; path = "GoogleService-Info.plist"; sourceTree = "<group>"; };
		4A40B4272ACAF19B00BC6256 /* FxiOS.entitlements */ = {isa = PBXFileReference; lastKnownFileType = text.plist.entitlements; path = FxiOS.entitlements; sourceTree = "<group>"; };
/* End PBXFileReference section */

/* Begin PBXFrameworksBuildPhase section */
		4A40B4002ACAE83400BC6256 /* Frameworks */ = {
			isa = PBXFrameworksBuildPhase;
			buildActionMask = 2147483647;
			files = (
				4A2514152ACB02A00051BD92 /* Authentication.framework in Frameworks */,
				4A40B41E2ACAEB1D00BC6256 /* FirebaseAnalyticsSwift in Frameworks */,
				4A25141E2ACB048A0051BD92 /* Swinject in Frameworks */,
				4A2514212ACB04A90051BD92 /* SwinjectAutoregistration in Frameworks */,
				4A40B4222ACAEB1D00BC6256 /* FirebaseCrashlytics in Frameworks */,
				4A40B4242ACAEB1D00BC6256 /* FirebaseMessaging in Frameworks */,
				4A40B4202ACAEB1D00BC6256 /* FirebaseAuth in Frameworks */,
				4A40B41C2ACAEB1D00BC6256 /* FirebaseAnalytics in Frameworks */,
			);
			runOnlyForDeploymentPostprocessing = 0;
		};
/* End PBXFrameworksBuildPhase section */

/* Begin PBXGroup section */
		4A2514132ACB02A00051BD92 /* Frameworks */ = {
			isa = PBXGroup;
			children = (
				4A2514142ACB02A00051BD92 /* Authentication.framework */,
			);
			name = Frameworks;
			sourceTree = "<group>";
		};
		4A2514222ACB0A680051BD92 /* Injection */ = {
			isa = PBXGroup;
			children = (
				4A2514A12ACB52CF0051BD92 /* Authentication */,
				4A25149D2ACB48370051BD92 /* Assembler.swift */,
			);
			path = Injection;
			sourceTree = "<group>";
		};
		4A2514A12ACB52CF0051BD92 /* Authentication */ = {
			isa = PBXGroup;
			children = (
				4A2514A22ACB52DF0051BD92 /* LoginAssembler.swift */,
			);
			path = Authentication;
			sourceTree = "<group>";
		};
		4A40B3FA2ACAE83400BC6256 = {
			isa = PBXGroup;
			children = (
				4A40B4052ACAE83400BC6256 /* FxiOS */,
				4A40B4042ACAE83400BC6256 /* Products */,
				4A2514132ACB02A00051BD92 /* Frameworks */,
			);
			sourceTree = "<group>";
		};
		4A40B4042ACAE83400BC6256 /* Products */ = {
			isa = PBXGroup;
			children = (
				4A40B4032ACAE83400BC6256 /* FxiOS.app */,
			);
			name = Products;
			sourceTree = "<group>";
		};
		4A40B4052ACAE83400BC6256 /* FxiOS */ = {
			isa = PBXGroup;
			children = (
				4A2514222ACB0A680051BD92 /* Injection */,
				4A40B4272ACAF19B00BC6256 /* FxiOS.entitlements */,
				4A40B4252ACAEB6700BC6256 /* GoogleService-Info.plist */,
				4A40B4062ACAE83400BC6256 /* AppDelegate.swift */,
				4A40B4082ACAE83400BC6256 /* SceneDelegate.swift */,
				4A40B40F2ACAE83500BC6256 /* Assets.xcassets */,
				4A40B4112ACAE83500BC6256 /* LaunchScreen.storyboard */,
				4A40B4142ACAE83500BC6256 /* Info.plist */,
				4A2514252ACB0E090051BD92 /* LoginCoordinator.swift */,
			);
			path = FxiOS;
			sourceTree = "<group>";
		};
/* End PBXGroup section */

/* Begin PBXNativeTarget section */
		4A40B4022ACAE83400BC6256 /* FxiOS */ = {
			isa = PBXNativeTarget;
			buildConfigurationList = 4A40B4172ACAE83500BC6256 /* Build configuration list for PBXNativeTarget "FxiOS" */;
			buildPhases = (
				4A40B3FF2ACAE83400BC6256 /* Sources */,
				4A40B4002ACAE83400BC6256 /* Frameworks */,
				4A40B4012ACAE83400BC6256 /* Resources */,
				4A2514172ACB02A00051BD92 /* Embed Frameworks */,
			);
			buildRules = (
			);
			dependencies = (
			);
			name = FxiOS;
			packageProductDependencies = (
				4A40B41B2ACAEB1D00BC6256 /* FirebaseAnalytics */,
				4A40B41D2ACAEB1D00BC6256 /* FirebaseAnalyticsSwift */,
				4A40B41F2ACAEB1D00BC6256 /* FirebaseAuth */,
				4A40B4212ACAEB1D00BC6256 /* FirebaseCrashlytics */,
				4A40B4232ACAEB1D00BC6256 /* FirebaseMessaging */,
				4A25141D2ACB048A0051BD92 /* Swinject */,
				4A2514202ACB04A90051BD92 /* SwinjectAutoregistration */,
			);
			productName = FxiOS;
			productReference = 4A40B4032ACAE83400BC6256 /* FxiOS.app */;
			productType = "com.apple.product-type.application";
		};
/* End PBXNativeTarget section */

/* Begin PBXProject section */
		4A40B3FB2ACAE83400BC6256 /* Project object */ = {
			isa = PBXProject;
			attributes = {
				BuildIndependentTargetsInParallel = 1;
				LastSwiftUpdateCheck = 1430;
				LastUpgradeCheck = 1430;
				TargetAttributes = {
					4A40B4022ACAE83400BC6256 = {
						CreatedOnToolsVersion = 14.3.1;
					};
				};
			};
			buildConfigurationList = 4A40B3FE2ACAE83400BC6256 /* Build configuration list for PBXProject "FxiOS" */;
			compatibilityVersion = "Xcode 14.0";
			developmentRegion = en;
			hasScannedForEncodings = 0;
			knownRegions = (
				en,
				Base,
			);
			mainGroup = 4A40B3FA2ACAE83400BC6256;
			packageReferences = (
				4A40B41A2ACAEB1D00BC6256 /* XCRemoteSwiftPackageReference "firebase-ios-sdk" */,
				4A25141C2ACB048A0051BD92 /* XCRemoteSwiftPackageReference "Swinject" */,
				4A25141F2ACB04A90051BD92 /* XCRemoteSwiftPackageReference "SwinjectAutoregistration" */,
			);
			productRefGroup = 4A40B4042ACAE83400BC6256 /* Products */;
			projectDirPath = "";
			projectRoot = "";
			targets = (
				4A40B4022ACAE83400BC6256 /* FxiOS */,
			);
		};
/* End PBXProject section */

/* Begin PBXResourcesBuildPhase section */
		4A40B4012ACAE83400BC6256 /* Resources */ = {
			isa = PBXResourcesBuildPhase;
			buildActionMask = 2147483647;
			files = (
				4A40B4132ACAE83500BC6256 /* LaunchScreen.storyboard in Resources */,
				4A40B4102ACAE83500BC6256 /* Assets.xcassets in Resources */,
				4A40B4262ACAEB6700BC6256 /* GoogleService-Info.plist in Resources */,
			);
			runOnlyForDeploymentPostprocessing = 0;
		};
/* End PBXResourcesBuildPhase section */

/* Begin PBXSourcesBuildPhase section */
		4A40B3FF2ACAE83400BC6256 /* Sources */ = {
			isa = PBXSourcesBuildPhase;
			buildActionMask = 2147483647;
			files = (
				4A2514262ACB0E090051BD92 /* LoginCoordinator.swift in Sources */,
				4A40B4072ACAE83400BC6256 /* AppDelegate.swift in Sources */,
				4A25149E2ACB48370051BD92 /* Assembler.swift in Sources */,
				4A40B4092ACAE83400BC6256 /* SceneDelegate.swift in Sources */,
				4A2514A32ACB52DF0051BD92 /* LoginAssembler.swift in Sources */,
			);
			runOnlyForDeploymentPostprocessing = 0;
		};
/* End PBXSourcesBuildPhase section */

/* Begin PBXVariantGroup section */
		4A40B4112ACAE83500BC6256 /* LaunchScreen.storyboard */ = {
			isa = PBXVariantGroup;
			children = (
				4A40B4122ACAE83500BC6256 /* Base */,
			);
			name = LaunchScreen.storyboard;
			sourceTree = "<group>";
		};
/* End PBXVariantGroup section */

/* Begin XCBuildConfiguration section */
		4A40B4152ACAE83500BC6256 /* Debug */ = {
			isa = XCBuildConfiguration;
			buildSettings = {
				ALWAYS_SEARCH_USER_PATHS = NO;
				CLANG_ANALYZER_NONNULL = YES;
				CLANG_ANALYZER_NUMBER_OBJECT_CONVERSION = YES_AGGRESSIVE;
				CLANG_CXX_LANGUAGE_STANDARD = "gnu++20";
				CLANG_ENABLE_MODULES = YES;
				CLANG_ENABLE_OBJC_ARC = YES;
				CLANG_ENABLE_OBJC_WEAK = YES;
				CLANG_WARN_BLOCK_CAPTURE_AUTORELEASING = YES;
				CLANG_WARN_BOOL_CONVERSION = YES;
				CLANG_WARN_COMMA = YES;
				CLANG_WARN_CONSTANT_CONVERSION = YES;
				CLANG_WARN_DEPRECATED_OBJC_IMPLEMENTATIONS = YES;
				CLANG_WARN_DIRECT_OBJC_ISA_USAGE = YES_ERROR;
				CLANG_WARN_DOCUMENTATION_COMMENTS = YES;
				CLANG_WARN_EMPTY_BODY = YES;
				CLANG_WARN_ENUM_CONVERSION = YES;
				CLANG_WARN_INFINITE_RECURSION = YES;
				CLANG_WARN_INT_CONVERSION = YES;
				CLANG_WARN_NON_LITERAL_NULL_CONVERSION = YES;
				CLANG_WARN_OBJC_IMPLICIT_RETAIN_SELF = YES;
				CLANG_WARN_OBJC_LITERAL_CONVERSION = YES;
				CLANG_WARN_OBJC_ROOT_CLASS = YES_ERROR;
				CLANG_WARN_QUOTED_INCLUDE_IN_FRAMEWORK_HEADER = YES;
				CLANG_WARN_RANGE_LOOP_ANALYSIS = YES;
				CLANG_WARN_STRICT_PROTOTYPES = YES;
				CLANG_WARN_SUSPICIOUS_MOVE = YES;
				CLANG_WARN_UNGUARDED_AVAILABILITY = YES_AGGRESSIVE;
				CLANG_WARN_UNREACHABLE_CODE = YES;
				CLANG_WARN__DUPLICATE_METHOD_MATCH = YES;
				COPY_PHASE_STRIP = NO;
				DEBUG_INFORMATION_FORMAT = dwarf;
				ENABLE_STRICT_OBJC_MSGSEND = YES;
				ENABLE_TESTABILITY = YES;
				GCC_C_LANGUAGE_STANDARD = gnu11;
				GCC_DYNAMIC_NO_PIC = NO;
				GCC_NO_COMMON_BLOCKS = YES;
				GCC_OPTIMIZATION_LEVEL = 0;
				GCC_PREPROCESSOR_DEFINITIONS = (
					"DEBUG=1",
					"$(inherited)",
				);
				GCC_WARN_64_TO_32_BIT_CONVERSION = YES;
				GCC_WARN_ABOUT_RETURN_TYPE = YES_ERROR;
				GCC_WARN_UNDECLARED_SELECTOR = YES;
				GCC_WARN_UNINITIALIZED_AUTOS = YES_AGGRESSIVE;
				GCC_WARN_UNUSED_FUNCTION = YES;
				GCC_WARN_UNUSED_VARIABLE = YES;
				IPHONEOS_DEPLOYMENT_TARGET = 16.4;
				MTL_ENABLE_DEBUG_INFO = INCLUDE_SOURCE;
				MTL_FAST_MATH = YES;
				ONLY_ACTIVE_ARCH = YES;
				SDKROOT = iphoneos;
				SWIFT_ACTIVE_COMPILATION_CONDITIONS = DEBUG;
				SWIFT_OPTIMIZATION_LEVEL = "-Onone";
			};
			name = Debug;
		};
		4A40B4162ACAE83500BC6256 /* Release */ = {
			isa = XCBuildConfiguration;
			buildSettings = {
				ALWAYS_SEARCH_USER_PATHS = NO;
				CLANG_ANALYZER_NONNULL = YES;
				CLANG_ANALYZER_NUMBER_OBJECT_CONVERSION = YES_AGGRESSIVE;
				CLANG_CXX_LANGUAGE_STANDARD = "gnu++20";
				CLANG_ENABLE_MODULES = YES;
				CLANG_ENABLE_OBJC_ARC = YES;
				CLANG_ENABLE_OBJC_WEAK = YES;
				CLANG_WARN_BLOCK_CAPTURE_AUTORELEASING = YES;
				CLANG_WARN_BOOL_CONVERSION = YES;
				CLANG_WARN_COMMA = YES;
				CLANG_WARN_CONSTANT_CONVERSION = YES;
				CLANG_WARN_DEPRECATED_OBJC_IMPLEMENTATIONS = YES;
				CLANG_WARN_DIRECT_OBJC_ISA_USAGE = YES_ERROR;
				CLANG_WARN_DOCUMENTATION_COMMENTS = YES;
				CLANG_WARN_EMPTY_BODY = YES;
				CLANG_WARN_ENUM_CONVERSION = YES;
				CLANG_WARN_INFINITE_RECURSION = YES;
				CLANG_WARN_INT_CONVERSION = YES;
				CLANG_WARN_NON_LITERAL_NULL_CONVERSION = YES;
				CLANG_WARN_OBJC_IMPLICIT_RETAIN_SELF = YES;
				CLANG_WARN_OBJC_LITERAL_CONVERSION = YES;
				CLANG_WARN_OBJC_ROOT_CLASS = YES_ERROR;
				CLANG_WARN_QUOTED_INCLUDE_IN_FRAMEWORK_HEADER = YES;
				CLANG_WARN_RANGE_LOOP_ANALYSIS = YES;
				CLANG_WARN_STRICT_PROTOTYPES = YES;
				CLANG_WARN_SUSPICIOUS_MOVE = YES;
				CLANG_WARN_UNGUARDED_AVAILABILITY = YES_AGGRESSIVE;
				CLANG_WARN_UNREACHABLE_CODE = YES;
				CLANG_WARN__DUPLICATE_METHOD_MATCH = YES;
				COPY_PHASE_STRIP = NO;
				DEBUG_INFORMATION_FORMAT = "dwarf-with-dsym";
				ENABLE_NS_ASSERTIONS = NO;
				ENABLE_STRICT_OBJC_MSGSEND = YES;
				GCC_C_LANGUAGE_STANDARD = gnu11;
				GCC_NO_COMMON_BLOCKS = YES;
				GCC_WARN_64_TO_32_BIT_CONVERSION = YES;
				GCC_WARN_ABOUT_RETURN_TYPE = YES_ERROR;
				GCC_WARN_UNDECLARED_SELECTOR = YES;
				GCC_WARN_UNINITIALIZED_AUTOS = YES_AGGRESSIVE;
				GCC_WARN_UNUSED_FUNCTION = YES;
				GCC_WARN_UNUSED_VARIABLE = YES;
				IPHONEOS_DEPLOYMENT_TARGET = 16.4;
				MTL_ENABLE_DEBUG_INFO = NO;
				MTL_FAST_MATH = YES;
				SDKROOT = iphoneos;
				SWIFT_COMPILATION_MODE = wholemodule;
				SWIFT_OPTIMIZATION_LEVEL = "-O";
				VALIDATE_PRODUCT = YES;
			};
			name = Release;
		};
		4A40B4182ACAE83500BC6256 /* Debug */ = {
			isa = XCBuildConfiguration;
			buildSettings = {
				ASSETCATALOG_COMPILER_APPICON_NAME = AppIcon;
				ASSETCATALOG_COMPILER_GLOBAL_ACCENT_COLOR_NAME = AccentColor;
				CODE_SIGN_ENTITLEMENTS = FxiOS/FxiOS.entitlements;
				CODE_SIGN_STYLE = Automatic;
				CURRENT_PROJECT_VERSION = 1;
				DEVELOPMENT_TEAM = K42P7PK4NT;
				GENERATE_INFOPLIST_FILE = YES;
				INFOPLIST_FILE = FxiOS/Info.plist;
				INFOPLIST_KEY_UIApplicationSupportsIndirectInputEvents = YES;
				INFOPLIST_KEY_UILaunchStoryboardName = LaunchScreen;
				INFOPLIST_KEY_UIRequiresFullScreen = YES;
				INFOPLIST_KEY_UISupportedInterfaceOrientations = UIInterfaceOrientationPortrait;
				IPHONEOS_DEPLOYMENT_TARGET = 15.0;
				LD_RUNPATH_SEARCH_PATHS = (
					"$(inherited)",
					"@executable_path/Frameworks",
				);
				MARKETING_VERSION = 1.0;
				PRODUCT_BUNDLE_IDENTIFIER = com.codiba.FxiOS;
				PRODUCT_NAME = "$(TARGET_NAME)";
				SUPPORTED_PLATFORMS = "iphoneos iphonesimulator";
				SUPPORTS_MACCATALYST = NO;
				SUPPORTS_MAC_DESIGNED_FOR_IPHONE_IPAD = NO;
				SWIFT_EMIT_LOC_STRINGS = YES;
				SWIFT_VERSION = 5.0;
				TARGETED_DEVICE_FAMILY = "1,2";
			};
			name = Debug;
		};
		4A40B4192ACAE83500BC6256 /* Release */ = {
			isa = XCBuildConfiguration;
			buildSettings = {
				ASSETCATALOG_COMPILER_APPICON_NAME = AppIcon;
				ASSETCATALOG_COMPILER_GLOBAL_ACCENT_COLOR_NAME = AccentColor;
				CODE_SIGN_ENTITLEMENTS = FxiOS/FxiOS.entitlements;
				CODE_SIGN_STYLE = Automatic;
				CURRENT_PROJECT_VERSION = 1;
				DEVELOPMENT_TEAM = K42P7PK4NT;
				GENERATE_INFOPLIST_FILE = YES;
				INFOPLIST_FILE = FxiOS/Info.plist;
				INFOPLIST_KEY_UIApplicationSupportsIndirectInputEvents = YES;
				INFOPLIST_KEY_UILaunchStoryboardName = LaunchScreen;
				INFOPLIST_KEY_UIRequiresFullScreen = YES;
				INFOPLIST_KEY_UISupportedInterfaceOrientations = UIInterfaceOrientationPortrait;
				IPHONEOS_DEPLOYMENT_TARGET = 15.0;
				LD_RUNPATH_SEARCH_PATHS = (
					"$(inherited)",
					"@executable_path/Frameworks",
				);
				MARKETING_VERSION = 1.0;
				PRODUCT_BUNDLE_IDENTIFIER = com.codiba.FxiOS;
				PRODUCT_NAME = "$(TARGET_NAME)";
				SUPPORTED_PLATFORMS = "iphoneos iphonesimulator";
				SUPPORTS_MACCATALYST = NO;
				SUPPORTS_MAC_DESIGNED_FOR_IPHONE_IPAD = NO;
				SWIFT_EMIT_LOC_STRINGS = YES;
				SWIFT_VERSION = 5.0;
				TARGETED_DEVICE_FAMILY = "1,2";
			};
			name = Release;
		};
/* End XCBuildConfiguration section */

/* Begin XCConfigurationList section */
		4A40B3FE2ACAE83400BC6256 /* Build configuration list for PBXProject "FxiOS" */ = {
			isa = XCConfigurationList;
			buildConfigurations = (
				4A40B4152ACAE83500BC6256 /* Debug */,
				4A40B4162ACAE83500BC6256 /* Release */,
			);
			defaultConfigurationIsVisible = 0;
			defaultConfigurationName = Release;
		};
		4A40B4172ACAE83500BC6256 /* Build configuration list for PBXNativeTarget "FxiOS" */ = {
			isa = XCConfigurationList;
			buildConfigurations = (
				4A40B4182ACAE83500BC6256 /* Debug */,
				4A40B4192ACAE83500BC6256 /* Release */,
			);
			defaultConfigurationIsVisible = 0;
			defaultConfigurationName = Release;
		};
/* End XCConfigurationList section */

/* Begin XCRemoteSwiftPackageReference section */
		4A25141C2ACB048A0051BD92 /* XCRemoteSwiftPackageReference "Swinject" */ = {
			isa = XCRemoteSwiftPackageReference;
			repositoryURL = "https://github.com/Swinject/Swinject.git";
			requirement = {
				kind = exactVersion;
				version = 2.8.3;
			};
		};
		4A25141F2ACB04A90051BD92 /* XCRemoteSwiftPackageReference "SwinjectAutoregistration" */ = {
			isa = XCRemoteSwiftPackageReference;
			repositoryURL = "https://github.com/Swinject/SwinjectAutoregistration.git";
			requirement = {
				kind = exactVersion;
				version = 2.8.3;
			};
		};
		4A40B41A2ACAEB1D00BC6256 /* XCRemoteSwiftPackageReference "firebase-ios-sdk" */ = {
			isa = XCRemoteSwiftPackageReference;
			repositoryURL = "https://github.com/firebase/firebase-ios-sdk";
			requirement = {
				kind = exactVersion;
				version = 10.15.0;
			};
		};
/* End XCRemoteSwiftPackageReference section */

/* Begin XCSwiftPackageProductDependency section */
		4A25141D2ACB048A0051BD92 /* Swinject */ = {
			isa = XCSwiftPackageProductDependency;
			package = 4A25141C2ACB048A0051BD92 /* XCRemoteSwiftPackageReference "Swinject" */;
			productName = Swinject;
		};
		4A2514202ACB04A90051BD92 /* SwinjectAutoregistration */ = {
			isa = XCSwiftPackageProductDependency;
			package = 4A25141F2ACB04A90051BD92 /* XCRemoteSwiftPackageReference "SwinjectAutoregistration" */;
			productName = SwinjectAutoregistration;
		};
		4A40B41B2ACAEB1D00BC6256 /* FirebaseAnalytics */ = {
			isa = XCSwiftPackageProductDependency;
			package = 4A40B41A2ACAEB1D00BC6256 /* XCRemoteSwiftPackageReference "firebase-ios-sdk" */;
			productName = FirebaseAnalytics;
		};
		4A40B41D2ACAEB1D00BC6256 /* FirebaseAnalyticsSwift */ = {
			isa = XCSwiftPackageProductDependency;
			package = 4A40B41A2ACAEB1D00BC6256 /* XCRemoteSwiftPackageReference "firebase-ios-sdk" */;
			productName = FirebaseAnalyticsSwift;
		};
		4A40B41F2ACAEB1D00BC6256 /* FirebaseAuth */ = {
			isa = XCSwiftPackageProductDependency;
			package = 4A40B41A2ACAEB1D00BC6256 /* XCRemoteSwiftPackageReference "firebase-ios-sdk" */;
			productName = FirebaseAuth;
		};
		4A40B4212ACAEB1D00BC6256 /* FirebaseCrashlytics */ = {
			isa = XCSwiftPackageProductDependency;
			package = 4A40B41A2ACAEB1D00BC6256 /* XCRemoteSwiftPackageReference "firebase-ios-sdk" */;
			productName = FirebaseCrashlytics;
		};
		4A40B4232ACAEB1D00BC6256 /* FirebaseMessaging */ = {
			isa = XCSwiftPackageProductDependency;
			package = 4A40B41A2ACAEB1D00BC6256 /* XCRemoteSwiftPackageReference "firebase-ios-sdk" */;
			productName = FirebaseMessaging;
		};
/* End XCSwiftPackageProductDependency section */
	};
	rootObject = 4A40B3FB2ACAE83400BC6256 /* Project object */;
}
