// !$*UTF8*$!
{
	archiveVersion = 1;
	classes = {
	};
	objectVersion = 56;
	objects = {

/* Begin PBXBuildFile section */
		4A25141E2ACB048A0051BD92 /* Swinject in Frameworks */ = {isa = PBXBuildFile; productRef = 4A25141D2ACB048A0051BD92 /* Swinject */; };
		4A2514212ACB04A90051BD92 /* SwinjectAutoregistration in Frameworks */ = {isa = PBXBuildFile; productRef = 4A2514202ACB04A90051BD92 /* SwinjectAutoregistration */; };
		4A2514262ACB0E090051BD92 /* LoginCoordinator.swift in Sources */ = {isa = PBXBuildFile; fileRef = 4A2514252ACB0E090051BD92 /* LoginCoordinator.swift */; };
		4A25149E2ACB48370051BD92 /* Assembler.swift in Sources */ = {isa = PBXBuildFile; fileRef = 4A25149D2ACB48370051BD92 /* Assembler.swift */; };
		4A2514A32ACB52DF0051BD92 /* LoginAssembly.swift in Sources */ = {isa = PBXBuildFile; fileRef = 4A2514A22ACB52DF0051BD92 /* LoginAssembly.swift */; };
		4A2514B72ACB70CF0051BD92 /* RegisterAssembly.swift in Sources */ = {isa = PBXBuildFile; fileRef = 4A2514B62ACB70CF0051BD92 /* RegisterAssembly.swift */; };
		4A2514BC2ACB70F90051BD92 /* AuthError+init.swift in Sources */ = {isa = PBXBuildFile; fileRef = 4A2514BB2ACB70F90051BD92 /* AuthError+init.swift */; };
		4A2514BF2ACB71220051BD92 /* FirebaseAuthManager.swift in Sources */ = {isa = PBXBuildFile; fileRef = 4A2514BE2ACB71220051BD92 /* FirebaseAuthManager.swift */; };
		4A2514C12ACB71610051BD92 /* AuthenticationAssembler.swift in Sources */ = {isa = PBXBuildFile; fileRef = 4A2514C02ACB71610051BD92 /* AuthenticationAssembler.swift */; };
		4A2514C82ACB71FD0051BD92 /* RegisterCoordinator.swift in Sources */ = {isa = PBXBuildFile; fileRef = 4A2514C72ACB71FD0051BD92 /* RegisterCoordinator.swift */; };
		4A2514CA2ACB721A0051BD92 /* Coordinators.swift in Sources */ = {isa = PBXBuildFile; fileRef = 4A2514C92ACB721A0051BD92 /* Coordinators.swift */; };
		4A2514CD2ACB723D0051BD92 /* View+AnyView.swift in Sources */ = {isa = PBXBuildFile; fileRef = 4A2514CC2ACB723D0051BD92 /* View+AnyView.swift */; };
		4A2514D02ACB74D90051BD92 /* Coordinator.swift in Sources */ = {isa = PBXBuildFile; fileRef = 4A2514CF2ACB74D90051BD92 /* Coordinator.swift */; };
		4A2514D22ACB74FB0051BD92 /* HostingViewController.swift in Sources */ = {isa = PBXBuildFile; fileRef = 4A2514D12ACB74FB0051BD92 /* HostingViewController.swift */; };
		4A2514D42ACB75180051BD92 /* BaseCoordinator.swift in Sources */ = {isa = PBXBuildFile; fileRef = 4A2514D32ACB75170051BD92 /* BaseCoordinator.swift */; };
		4A2514D82ACB75E30051BD92 /* BaseRouter.swift in Sources */ = {isa = PBXBuildFile; fileRef = 4A2514D72ACB75E30051BD92 /* BaseRouter.swift */; };
		4A2514DA2ACB75F40051BD92 /* Router.swift in Sources */ = {isa = PBXBuildFile; fileRef = 4A2514D92ACB75F40051BD92 /* Router.swift */; };
		4A2514DC2ACB75FF0051BD92 /* CoordinatorRepresentable.swift in Sources */ = {isa = PBXBuildFile; fileRef = 4A2514DB2ACB75FF0051BD92 /* CoordinatorRepresentable.swift */; };
		4A40B4072ACAE83400BC6256 /* AppDelegate.swift in Sources */ = {isa = PBXBuildFile; fileRef = 4A40B4062ACAE83400BC6256 /* AppDelegate.swift */; };
		4A40B4092ACAE83400BC6256 /* SceneDelegate.swift in Sources */ = {isa = PBXBuildFile; fileRef = 4A40B4082ACAE83400BC6256 /* SceneDelegate.swift */; };
		4A40B4102ACAE83500BC6256 /* Assets.xcassets in Resources */ = {isa = PBXBuildFile; fileRef = 4A40B40F2ACAE83500BC6256 /* Assets.xcassets */; };
		4A40B4132ACAE83500BC6256 /* LaunchScreen.storyboard in Resources */ = {isa = PBXBuildFile; fileRef = 4A40B4112ACAE83500BC6256 /* LaunchScreen.storyboard */; };
		4A40B41C2ACAEB1D00BC6256 /* FirebaseAnalytics in Frameworks */ = {isa = PBXBuildFile; productRef = 4A40B41B2ACAEB1D00BC6256 /* FirebaseAnalytics */; };
		4A40B41E2ACAEB1D00BC6256 /* FirebaseAnalyticsSwift in Frameworks */ = {isa = PBXBuildFile; productRef = 4A40B41D2ACAEB1D00BC6256 /* FirebaseAnalyticsSwift */; };
		4A40B4202ACAEB1D00BC6256 /* FirebaseAuth in Frameworks */ = {isa = PBXBuildFile; productRef = 4A40B41F2ACAEB1D00BC6256 /* FirebaseAuth */; };
		4A40B4222ACAEB1D00BC6256 /* FirebaseCrashlytics in Frameworks */ = {isa = PBXBuildFile; productRef = 4A40B4212ACAEB1D00BC6256 /* FirebaseCrashlytics */; };
		4A40B4242ACAEB1D00BC6256 /* FirebaseMessaging in Frameworks */ = {isa = PBXBuildFile; productRef = 4A40B4232ACAEB1D00BC6256 /* FirebaseMessaging */; };
		4A40B4262ACAEB6700BC6256 /* GoogleService-Info.plist in Resources */ = {isa = PBXBuildFile; fileRef = 4A40B4252ACAEB6700BC6256 /* GoogleService-Info.plist */; };
		4A90BCF32AD03D0E006ACA77 /* DefaultHttpPropertyProvider.swift in Sources */ = {isa = PBXBuildFile; fileRef = 4A90BCF22AD03D0E006ACA77 /* DefaultHttpPropertyProvider.swift */; };
		4A90BCF92AD03E90006ACA77 /* Authentication.framework in Frameworks */ = {isa = PBXBuildFile; fileRef = 4A90BCF72AD03E90006ACA77 /* Authentication.framework */; };
		4A90BCFA2AD03E90006ACA77 /* Authentication.framework in Embed Frameworks */ = {isa = PBXBuildFile; fileRef = 4A90BCF72AD03E90006ACA77 /* Authentication.framework */; settings = {ATTRIBUTES = (CodeSignOnCopy, RemoveHeadersOnCopy, ); }; };
		4A90BCFB2AD03E90006ACA77 /* FxNetwork.framework in Frameworks */ = {isa = PBXBuildFile; fileRef = 4A90BCF82AD03E90006ACA77 /* FxNetwork.framework */; };
		4A90BCFC2AD03E90006ACA77 /* FxNetwork.framework in Embed Frameworks */ = {isa = PBXBuildFile; fileRef = 4A90BCF82AD03E90006ACA77 /* FxNetwork.framework */; settings = {ATTRIBUTES = (CodeSignOnCopy, RemoveHeadersOnCopy, ); }; };
		4A90BCFE2AD1954D006ACA77 /* NetworkProviderAssembly.swift in Sources */ = {isa = PBXBuildFile; fileRef = 4A90BCFD2AD1954D006ACA77 /* NetworkProviderAssembly.swift */; };
		4AF5B70E2AD2CDD000E0C64C /* FxOfferListingCoordinator.swift in Sources */ = {isa = PBXBuildFile; fileRef = 4AF5B70D2AD2CDD000E0C64C /* FxOfferListingCoordinator.swift */; };
		4AF5B7132AD2CEAE00E0C64C /* FxOfferListingAssembly.swift in Sources */ = {isa = PBXBuildFile; fileRef = 4AF5B7122AD2CEAE00E0C64C /* FxOfferListingAssembly.swift */; };
		4AF5B7152AD2CF5700E0C64C /* FxOffers.framework in Frameworks */ = {isa = PBXBuildFile; fileRef = 4AF5B7142AD2CF5700E0C64C /* FxOffers.framework */; };
		4AF5B7162AD2CF5700E0C64C /* FxOffers.framework in Embed Frameworks */ = {isa = PBXBuildFile; fileRef = 4AF5B7142AD2CF5700E0C64C /* FxOffers.framework */; settings = {ATTRIBUTES = (CodeSignOnCopy, RemoveHeadersOnCopy, ); }; };
		4AF5B7192AD447B000E0C64C /* FirebaseAnonymousAuthUI in Frameworks */ = {isa = PBXBuildFile; productRef = 4AF5B7182AD447B000E0C64C /* FirebaseAnonymousAuthUI */; };
		4AF5B71B2AD447B000E0C64C /* FirebaseAuthUI in Frameworks */ = {isa = PBXBuildFile; productRef = 4AF5B71A2AD447B000E0C64C /* FirebaseAuthUI */; };
		4AF5B71D2AD447B000E0C64C /* FirebaseDatabaseUI in Frameworks */ = {isa = PBXBuildFile; productRef = 4AF5B71C2AD447B000E0C64C /* FirebaseDatabaseUI */; };
		4AF5B71F2AD447B000E0C64C /* FirebaseEmailAuthUI in Frameworks */ = {isa = PBXBuildFile; productRef = 4AF5B71E2AD447B000E0C64C /* FirebaseEmailAuthUI */; };
		4AF5B7212AD447B000E0C64C /* FirebaseFacebookAuthUI in Frameworks */ = {isa = PBXBuildFile; productRef = 4AF5B7202AD447B000E0C64C /* FirebaseFacebookAuthUI */; };
		4AF5B7232AD447B000E0C64C /* FirebaseFirestoreUI in Frameworks */ = {isa = PBXBuildFile; productRef = 4AF5B7222AD447B000E0C64C /* FirebaseFirestoreUI */; };
		4AF5B7252AD447B000E0C64C /* FirebaseGoogleAuthUI in Frameworks */ = {isa = PBXBuildFile; productRef = 4AF5B7242AD447B000E0C64C /* FirebaseGoogleAuthUI */; };
		4AF5B7272AD447B000E0C64C /* FirebaseOAuthUI in Frameworks */ = {isa = PBXBuildFile; productRef = 4AF5B7262AD447B000E0C64C /* FirebaseOAuthUI */; };
		4AF5B7292AD447B000E0C64C /* FirebasePhoneAuthUI in Frameworks */ = {isa = PBXBuildFile; productRef = 4AF5B7282AD447B000E0C64C /* FirebasePhoneAuthUI */; };
		4AF5B72B2AD447B000E0C64C /* FirebaseStorageUI in Frameworks */ = {isa = PBXBuildFile; productRef = 4AF5B72A2AD447B000E0C64C /* FirebaseStorageUI */; };
/* End PBXBuildFile section */

/* Begin PBXCopyFilesBuildPhase section */
		4A2514172ACB02A00051BD92 /* Embed Frameworks */ = {
			isa = PBXCopyFilesBuildPhase;
			buildActionMask = 2147483647;
			dstPath = "";
			dstSubfolderSpec = 10;
			files = (
				4AF5B7162AD2CF5700E0C64C /* FxOffers.framework in Embed Frameworks */,
				4A90BCFA2AD03E90006ACA77 /* Authentication.framework in Embed Frameworks */,
				4A90BCFC2AD03E90006ACA77 /* FxNetwork.framework in Embed Frameworks */,
			);
			name = "Embed Frameworks";
			runOnlyForDeploymentPostprocessing = 0;
		};
/* End PBXCopyFilesBuildPhase section */

/* Begin PBXFileReference section */
		4A2514252ACB0E090051BD92 /* LoginCoordinator.swift */ = {isa = PBXFileReference; lastKnownFileType = sourcecode.swift; path = LoginCoordinator.swift; sourceTree = "<group>"; };
		4A25149D2ACB48370051BD92 /* Assembler.swift */ = {isa = PBXFileReference; lastKnownFileType = sourcecode.swift; path = Assembler.swift; sourceTree = "<group>"; };
		4A2514A22ACB52DF0051BD92 /* LoginAssembly.swift */ = {isa = PBXFileReference; fileEncoding = 4; lastKnownFileType = sourcecode.swift; path = LoginAssembly.swift; sourceTree = "<group>"; };
		4A2514B62ACB70CF0051BD92 /* RegisterAssembly.swift */ = {isa = PBXFileReference; lastKnownFileType = sourcecode.swift; path = RegisterAssembly.swift; sourceTree = "<group>"; };
		4A2514BB2ACB70F90051BD92 /* AuthError+init.swift */ = {isa = PBXFileReference; lastKnownFileType = sourcecode.swift; path = "AuthError+init.swift"; sourceTree = "<group>"; };
		4A2514BE2ACB71220051BD92 /* FirebaseAuthManager.swift */ = {isa = PBXFileReference; lastKnownFileType = sourcecode.swift; path = FirebaseAuthManager.swift; sourceTree = "<group>"; };
		4A2514C02ACB71610051BD92 /* AuthenticationAssembler.swift */ = {isa = PBXFileReference; lastKnownFileType = sourcecode.swift; path = AuthenticationAssembler.swift; sourceTree = "<group>"; };
		4A2514C72ACB71FD0051BD92 /* RegisterCoordinator.swift */ = {isa = PBXFileReference; lastKnownFileType = sourcecode.swift; path = RegisterCoordinator.swift; sourceTree = "<group>"; };
		4A2514C92ACB721A0051BD92 /* Coordinators.swift */ = {isa = PBXFileReference; lastKnownFileType = sourcecode.swift; path = Coordinators.swift; sourceTree = "<group>"; };
		4A2514CC2ACB723D0051BD92 /* View+AnyView.swift */ = {isa = PBXFileReference; lastKnownFileType = sourcecode.swift; path = "View+AnyView.swift"; sourceTree = "<group>"; };
		4A2514CF2ACB74D90051BD92 /* Coordinator.swift */ = {isa = PBXFileReference; lastKnownFileType = sourcecode.swift; path = Coordinator.swift; sourceTree = "<group>"; };
		4A2514D12ACB74FB0051BD92 /* HostingViewController.swift */ = {isa = PBXFileReference; lastKnownFileType = sourcecode.swift; path = HostingViewController.swift; sourceTree = "<group>"; };
		4A2514D32ACB75170051BD92 /* BaseCoordinator.swift */ = {isa = PBXFileReference; lastKnownFileType = sourcecode.swift; path = BaseCoordinator.swift; sourceTree = "<group>"; };
		4A2514D72ACB75E30051BD92 /* BaseRouter.swift */ = {isa = PBXFileReference; lastKnownFileType = sourcecode.swift; path = BaseRouter.swift; sourceTree = "<group>"; };
		4A2514D92ACB75F40051BD92 /* Router.swift */ = {isa = PBXFileReference; lastKnownFileType = sourcecode.swift; path = Router.swift; sourceTree = "<group>"; };
		4A2514DB2ACB75FF0051BD92 /* CoordinatorRepresentable.swift */ = {isa = PBXFileReference; lastKnownFileType = sourcecode.swift; path = CoordinatorRepresentable.swift; sourceTree = "<group>"; };
		4A40B4032ACAE83400BC6256 /* FxiOS.app */ = {isa = PBXFileReference; explicitFileType = wrapper.application; includeInIndex = 0; path = FxiOS.app; sourceTree = BUILT_PRODUCTS_DIR; };
		4A40B4062ACAE83400BC6256 /* AppDelegate.swift */ = {isa = PBXFileReference; lastKnownFileType = sourcecode.swift; path = AppDelegate.swift; sourceTree = "<group>"; };
		4A40B4082ACAE83400BC6256 /* SceneDelegate.swift */ = {isa = PBXFileReference; lastKnownFileType = sourcecode.swift; path = SceneDelegate.swift; sourceTree = "<group>"; };
		4A40B40F2ACAE83500BC6256 /* Assets.xcassets */ = {isa = PBXFileReference; lastKnownFileType = folder.assetcatalog; path = Assets.xcassets; sourceTree = "<group>"; };
		4A40B4122ACAE83500BC6256 /* Base */ = {isa = PBXFileReference; lastKnownFileType = file.storyboard; name = Base; path = Base.lproj/LaunchScreen.storyboard; sourceTree = "<group>"; };
		4A40B4142ACAE83500BC6256 /* Info.plist */ = {isa = PBXFileReference; lastKnownFileType = text.plist.xml; path = Info.plist; sourceTree = "<group>"; };
		4A40B4252ACAEB6700BC6256 /* GoogleService-Info.plist */ = {isa = PBXFileReference; fileEncoding = 4; lastKnownFileType = text.plist.xml; path = "GoogleService-Info.plist"; sourceTree = "<group>"; };
		4A40B4272ACAF19B00BC6256 /* FxiOS.entitlements */ = {isa = PBXFileReference; lastKnownFileType = text.plist.entitlements; path = FxiOS.entitlements; sourceTree = "<group>"; };
		4A90BCF22AD03D0E006ACA77 /* DefaultHttpPropertyProvider.swift */ = {isa = PBXFileReference; lastKnownFileType = sourcecode.swift; path = DefaultHttpPropertyProvider.swift; sourceTree = "<group>"; };
		4A90BCF72AD03E90006ACA77 /* Authentication.framework */ = {isa = PBXFileReference; explicitFileType = wrapper.framework; path = Authentication.framework; sourceTree = BUILT_PRODUCTS_DIR; };
		4A90BCF82AD03E90006ACA77 /* FxNetwork.framework */ = {isa = PBXFileReference; explicitFileType = wrapper.framework; path = FxNetwork.framework; sourceTree = BUILT_PRODUCTS_DIR; };
		4A90BCFD2AD1954D006ACA77 /* NetworkProviderAssembly.swift */ = {isa = PBXFileReference; lastKnownFileType = sourcecode.swift; path = NetworkProviderAssembly.swift; sourceTree = "<group>"; };
		4AF5B70D2AD2CDD000E0C64C /* FxOfferListingCoordinator.swift */ = {isa = PBXFileReference; lastKnownFileType = sourcecode.swift; path = FxOfferListingCoordinator.swift; sourceTree = "<group>"; };
		4AF5B7122AD2CEAE00E0C64C /* FxOfferListingAssembly.swift */ = {isa = PBXFileReference; lastKnownFileType = sourcecode.swift; path = FxOfferListingAssembly.swift; sourceTree = "<group>"; };
		4AF5B7142AD2CF5700E0C64C /* FxOffers.framework */ = {isa = PBXFileReference; explicitFileType = wrapper.framework; path = FxOffers.framework; sourceTree = BUILT_PRODUCTS_DIR; };
/* End PBXFileReference section */

/* Begin PBXFrameworksBuildPhase section */
		4A40B4002ACAE83400BC6256 /* Frameworks */ = {
			isa = PBXFrameworksBuildPhase;
			buildActionMask = 2147483647;
			files = (
				4A90BCFB2AD03E90006ACA77 /* FxNetwork.framework in Frameworks */,
				4AF5B7252AD447B000E0C64C /* FirebaseGoogleAuthUI in Frameworks */,
				4AF5B7152AD2CF5700E0C64C /* FxOffers.framework in Frameworks */,
				4A40B41E2ACAEB1D00BC6256 /* FirebaseAnalyticsSwift in Frameworks */,
				4AF5B7292AD447B000E0C64C /* FirebasePhoneAuthUI in Frameworks */,
				4A25141E2ACB048A0051BD92 /* Swinject in Frameworks */,
				4A2514212ACB04A90051BD92 /* SwinjectAutoregistration in Frameworks */,
				4AF5B7232AD447B000E0C64C /* FirebaseFirestoreUI in Frameworks */,
				4AF5B7272AD447B000E0C64C /* FirebaseOAuthUI in Frameworks */,
				4A40B4222ACAEB1D00BC6256 /* FirebaseCrashlytics in Frameworks */,
				4AF5B7192AD447B000E0C64C /* FirebaseAnonymousAuthUI in Frameworks */,
				4AF5B71B2AD447B000E0C64C /* FirebaseAuthUI in Frameworks */,
				4AF5B71D2AD447B000E0C64C /* FirebaseDatabaseUI in Frameworks */,
				4AF5B72B2AD447B000E0C64C /* FirebaseStorageUI in Frameworks */,
				4A90BCF92AD03E90006ACA77 /* Authentication.framework in Frameworks */,
				4A40B4242ACAEB1D00BC6256 /* FirebaseMessaging in Frameworks */,
				4A40B4202ACAEB1D00BC6256 /* FirebaseAuth in Frameworks */,
				4AF5B71F2AD447B000E0C64C /* FirebaseEmailAuthUI in Frameworks */,
				4AF5B7212AD447B000E0C64C /* FirebaseFacebookAuthUI in Frameworks */,
				4A40B41C2ACAEB1D00BC6256 /* FirebaseAnalytics in Frameworks */,
			);
			runOnlyForDeploymentPostprocessing = 0;
		};
/* End PBXFrameworksBuildPhase section */

/* Begin PBXGroup section */
		4A2514132ACB02A00051BD92 /* Frameworks */ = {
			isa = PBXGroup;
			children = (
				4AF5B7142AD2CF5700E0C64C /* FxOffers.framework */,
				4A90BCF72AD03E90006ACA77 /* Authentication.framework */,
				4A90BCF82AD03E90006ACA77 /* FxNetwork.framework */,
			);
			name = Frameworks;
			sourceTree = "<group>";
		};
		4A2514222ACB0A680051BD92 /* Injection */ = {
			isa = PBXGroup;
			children = (
				4AF5B7112AD2CE9C00E0C64C /* FxOffers */,
				4A90BCEF2AD03CE1006ACA77 /* Network */,
				4A2514A12ACB52CF0051BD92 /* Authentication */,
				4A25149D2ACB48370051BD92 /* Assembler.swift */,
			);
			path = Injection;
			sourceTree = "<group>";
		};
		4A2514A12ACB52CF0051BD92 /* Authentication */ = {
			isa = PBXGroup;
			children = (
				4A2514A22ACB52DF0051BD92 /* LoginAssembly.swift */,
				4A2514B62ACB70CF0051BD92 /* RegisterAssembly.swift */,
				4A2514C02ACB71610051BD92 /* AuthenticationAssembler.swift */,
			);
			path = Authentication;
			sourceTree = "<group>";
		};
		4A2514B82ACB70D70051BD92 /* Util */ = {
			isa = PBXGroup;
			children = (
				4A2514CB2ACB72320051BD92 /* View */,
				4A2514BD2ACB71130051BD92 /* Authentication */,
			);
			path = Util;
			sourceTree = "<group>";
		};
		4A2514BD2ACB71130051BD92 /* Authentication */ = {
			isa = PBXGroup;
			children = (
				4A2514C42ACB71D10051BD92 /* Extension */,
				4A2514C32ACB71C20051BD92 /* Adapter */,
			);
			path = Authentication;
			sourceTree = "<group>";
		};
		4A2514C22ACB71AE0051BD92 /* Coordinator */ = {
			isa = PBXGroup;
			children = (
				4AF5B70C2AD2CDC000E0C64C /* FxOffers */,
				4A2514C52ACB71E60051BD92 /* Authentication */,
				4A2514C92ACB721A0051BD92 /* Coordinators.swift */,
			);
			path = Coordinator;
			sourceTree = "<group>";
		};
		4A2514C32ACB71C20051BD92 /* Adapter */ = {
			isa = PBXGroup;
			children = (
				4A2514BE2ACB71220051BD92 /* FirebaseAuthManager.swift */,
			);
			path = Adapter;
			sourceTree = "<group>";
		};
		4A2514C42ACB71D10051BD92 /* Extension */ = {
			isa = PBXGroup;
			children = (
				4A2514BB2ACB70F90051BD92 /* AuthError+init.swift */,
			);
			path = Extension;
			sourceTree = "<group>";
		};
		4A2514C52ACB71E60051BD92 /* Authentication */ = {
			isa = PBXGroup;
			children = (
				4A2514252ACB0E090051BD92 /* LoginCoordinator.swift */,
				4A2514C72ACB71FD0051BD92 /* RegisterCoordinator.swift */,
			);
			path = Authentication;
			sourceTree = "<group>";
		};
		4A2514CB2ACB72320051BD92 /* View */ = {
			isa = PBXGroup;
			children = (
				4A2514CC2ACB723D0051BD92 /* View+AnyView.swift */,
			);
			path = View;
			sourceTree = "<group>";
		};
		4A2514CE2ACB74D20051BD92 /* Base */ = {
			isa = PBXGroup;
			children = (
				4A2514CF2ACB74D90051BD92 /* Coordinator.swift */,
				4A2514D12ACB74FB0051BD92 /* HostingViewController.swift */,
				4A2514D32ACB75170051BD92 /* BaseCoordinator.swift */,
				4A2514D72ACB75E30051BD92 /* BaseRouter.swift */,
				4A2514D92ACB75F40051BD92 /* Router.swift */,
				4A2514DB2ACB75FF0051BD92 /* CoordinatorRepresentable.swift */,
			);
			path = Base;
			sourceTree = "<group>";
		};
		4A40B3FA2ACAE83400BC6256 = {
			isa = PBXGroup;
			children = (
				4A40B4052ACAE83400BC6256 /* FxiOS */,
				4A40B4042ACAE83400BC6256 /* Products */,
				4A2514132ACB02A00051BD92 /* Frameworks */,
			);
			sourceTree = "<group>";
		};
		4A40B4042ACAE83400BC6256 /* Products */ = {
			isa = PBXGroup;
			children = (
				4A40B4032ACAE83400BC6256 /* FxiOS.app */,
			);
			name = Products;
			sourceTree = "<group>";
		};
		4A40B4052ACAE83400BC6256 /* FxiOS */ = {
			isa = PBXGroup;
			children = (
				4A90BCF12AD03CFB006ACA77 /* Network */,
				4A90BCF02AD03CEE006ACA77 /* Presentation */,
				4A2514222ACB0A680051BD92 /* Injection */,
				4A2514B82ACB70D70051BD92 /* Util */,
				4A40B4272ACAF19B00BC6256 /* FxiOS.entitlements */,
				4A40B4252ACAEB6700BC6256 /* GoogleService-Info.plist */,
				4A40B4062ACAE83400BC6256 /* AppDelegate.swift */,
				4A40B4082ACAE83400BC6256 /* SceneDelegate.swift */,
				4A40B40F2ACAE83500BC6256 /* Assets.xcassets */,
				4A40B4112ACAE83500BC6256 /* LaunchScreen.storyboard */,
				4A40B4142ACAE83500BC6256 /* Info.plist */,
			);
			path = FxiOS;
			sourceTree = "<group>";
		};
		4A90BCEF2AD03CE1006ACA77 /* Network */ = {
			isa = PBXGroup;
			children = (
				4A90BCFD2AD1954D006ACA77 /* NetworkProviderAssembly.swift */,
			);
			path = Network;
			sourceTree = "<group>";
		};
		4A90BCF02AD03CEE006ACA77 /* Presentation */ = {
			isa = PBXGroup;
			children = (
				4A2514CE2ACB74D20051BD92 /* Base */,
				4A2514C22ACB71AE0051BD92 /* Coordinator */,
			);
			path = Presentation;
			sourceTree = "<group>";
		};
		4A90BCF12AD03CFB006ACA77 /* Network */ = {
			isa = PBXGroup;
			children = (
				4A90BCF22AD03D0E006ACA77 /* DefaultHttpPropertyProvider.swift */,
			);
			path = Network;
			sourceTree = "<group>";
		};
		4AF5B70C2AD2CDC000E0C64C /* FxOffers */ = {
			isa = PBXGroup;
			children = (
				4AF5B70D2AD2CDD000E0C64C /* FxOfferListingCoordinator.swift */,
			);
			path = FxOffers;
			sourceTree = "<group>";
		};
		4AF5B7112AD2CE9C00E0C64C /* FxOffers */ = {
			isa = PBXGroup;
			children = (
				4AF5B7122AD2CEAE00E0C64C /* FxOfferListingAssembly.swift */,
			);
			path = FxOffers;
			sourceTree = "<group>";
		};
/* End PBXGroup section */

/* Begin PBXNativeTarget section */
		4A40B4022ACAE83400BC6256 /* FxiOS */ = {
			isa = PBXNativeTarget;
			buildConfigurationList = 4A40B4172ACAE83500BC6256 /* Build configuration list for PBXNativeTarget "FxiOS" */;
			buildPhases = (
				4A40B3FF2ACAE83400BC6256 /* Sources */,
				4A40B4002ACAE83400BC6256 /* Frameworks */,
				4A40B4012ACAE83400BC6256 /* Resources */,
				4A2514172ACB02A00051BD92 /* Embed Frameworks */,
			);
			buildRules = (
			);
			dependencies = (
			);
			name = FxiOS;
			packageProductDependencies = (
				4A40B41B2ACAEB1D00BC6256 /* FirebaseAnalytics */,
				4A40B41D2ACAEB1D00BC6256 /* FirebaseAnalyticsSwift */,
				4A40B41F2ACAEB1D00BC6256 /* FirebaseAuth */,
				4A40B4212ACAEB1D00BC6256 /* FirebaseCrashlytics */,
				4A40B4232ACAEB1D00BC6256 /* FirebaseMessaging */,
				4A25141D2ACB048A0051BD92 /* Swinject */,
				4A2514202ACB04A90051BD92 /* SwinjectAutoregistration */,
				4AF5B7182AD447B000E0C64C /* FirebaseAnonymousAuthUI */,
				4AF5B71A2AD447B000E0C64C /* FirebaseAuthUI */,
				4AF5B71C2AD447B000E0C64C /* FirebaseDatabaseUI */,
				4AF5B71E2AD447B000E0C64C /* FirebaseEmailAuthUI */,
				4AF5B7202AD447B000E0C64C /* FirebaseFacebookAuthUI */,
				4AF5B7222AD447B000E0C64C /* FirebaseFirestoreUI */,
				4AF5B7242AD447B000E0C64C /* FirebaseGoogleAuthUI */,
				4AF5B7262AD447B000E0C64C /* FirebaseOAuthUI */,
				4AF5B7282AD447B000E0C64C /* FirebasePhoneAuthUI */,
				4AF5B72A2AD447B000E0C64C /* FirebaseStorageUI */,
			);
			productName = FxiOS;
			productReference = 4A40B4032ACAE83400BC6256 /* FxiOS.app */;
			productType = "com.apple.product-type.application";
		};
/* End PBXNativeTarget section */

/* Begin PBXProject section */
		4A40B3FB2ACAE83400BC6256 /* Project object */ = {
			isa = PBXProject;
			attributes = {
				BuildIndependentTargetsInParallel = 1;
				LastSwiftUpdateCheck = 1430;
				LastUpgradeCheck = 1500;
				TargetAttributes = {
					4A40B4022ACAE83400BC6256 = {
						CreatedOnToolsVersion = 14.3.1;
					};
				};
			};
			buildConfigurationList = 4A40B3FE2ACAE83400BC6256 /* Build configuration list for PBXProject "FxiOS" */;
			compatibilityVersion = "Xcode 14.0";
			developmentRegion = en;
			hasScannedForEncodings = 0;
			knownRegions = (
				en,
				Base,
			);
			mainGroup = 4A40B3FA2ACAE83400BC6256;
			packageReferences = (
				4A40B41A2ACAEB1D00BC6256 /* XCRemoteSwiftPackageReference "firebase-ios-sdk" */,
				4A25141C2ACB048A0051BD92 /* XCRemoteSwiftPackageReference "Swinject" */,
				4A25141F2ACB04A90051BD92 /* XCRemoteSwiftPackageReference "SwinjectAutoregistration" */,
				4AF5B7172AD447B000E0C64C /* XCRemoteSwiftPackageReference "FirebaseUI-iOS" */,
			);
			productRefGroup = 4A40B4042ACAE83400BC6256 /* Products */;
			projectDirPath = "";
			projectRoot = "";
			targets = (
				4A40B4022ACAE83400BC6256 /* FxiOS */,
			);
		};
/* End PBXProject section */

/* Begin PBXResourcesBuildPhase section */
		4A40B4012ACAE83400BC6256 /* Resources */ = {
			isa = PBXResourcesBuildPhase;
			buildActionMask = 2147483647;
			files = (
				4A40B4132ACAE83500BC6256 /* LaunchScreen.storyboard in Resources */,
				4A40B4102ACAE83500BC6256 /* Assets.xcassets in Resources */,
				4A40B4262ACAEB6700BC6256 /* GoogleService-Info.plist in Resources */,
			);
			runOnlyForDeploymentPostprocessing = 0;
		};
/* End PBXResourcesBuildPhase section */

/* Begin PBXSourcesBuildPhase section */
		4A40B3FF2ACAE83400BC6256 /* Sources */ = {
			isa = PBXSourcesBuildPhase;
			buildActionMask = 2147483647;
			files = (
				4A90BCF32AD03D0E006ACA77 /* DefaultHttpPropertyProvider.swift in Sources */,
				4A2514262ACB0E090051BD92 /* LoginCoordinator.swift in Sources */,
				4A40B4072ACAE83400BC6256 /* AppDelegate.swift in Sources */,
				4A2514D02ACB74D90051BD92 /* Coordinator.swift in Sources */,
				4A2514C12ACB71610051BD92 /* AuthenticationAssembler.swift in Sources */,
				4A2514BF2ACB71220051BD92 /* FirebaseAuthManager.swift in Sources */,
				4A25149E2ACB48370051BD92 /* Assembler.swift in Sources */,
				4A90BCFE2AD1954D006ACA77 /* NetworkProviderAssembly.swift in Sources */,
				4A2514B72ACB70CF0051BD92 /* RegisterAssembly.swift in Sources */,
				4A2514D82ACB75E30051BD92 /* BaseRouter.swift in Sources */,
				4A40B4092ACAE83400BC6256 /* SceneDelegate.swift in Sources */,
				4AF5B70E2AD2CDD000E0C64C /* FxOfferListingCoordinator.swift in Sources */,
				4A2514BC2ACB70F90051BD92 /* AuthError+init.swift in Sources */,
				4A2514DA2ACB75F40051BD92 /* Router.swift in Sources */,
				4A2514CA2ACB721A0051BD92 /* Coordinators.swift in Sources */,
				4AF5B7132AD2CEAE00E0C64C /* FxOfferListingAssembly.swift in Sources */,
				4A2514D42ACB75180051BD92 /* BaseCoordinator.swift in Sources */,
				4A2514A32ACB52DF0051BD92 /* LoginAssembly.swift in Sources */,
				4A2514CD2ACB723D0051BD92 /* View+AnyView.swift in Sources */,
				4A2514C82ACB71FD0051BD92 /* RegisterCoordinator.swift in Sources */,
				4A2514D22ACB74FB0051BD92 /* HostingViewController.swift in Sources */,
				4A2514DC2ACB75FF0051BD92 /* CoordinatorRepresentable.swift in Sources */,
			);
			runOnlyForDeploymentPostprocessing = 0;
		};
/* End PBXSourcesBuildPhase section */

/* Begin PBXVariantGroup section */
		4A40B4112ACAE83500BC6256 /* LaunchScreen.storyboard */ = {
			isa = PBXVariantGroup;
			children = (
				4A40B4122ACAE83500BC6256 /* Base */,
			);
			name = LaunchScreen.storyboard;
			sourceTree = "<group>";
		};
/* End PBXVariantGroup section */

/* Begin XCBuildConfiguration section */
		4A40B4152ACAE83500BC6256 /* Debug */ = {
			isa = XCBuildConfiguration;
			buildSettings = {
				ALWAYS_SEARCH_USER_PATHS = NO;
				CLANG_ANALYZER_NONNULL = YES;
				CLANG_ANALYZER_NUMBER_OBJECT_CONVERSION = YES_AGGRESSIVE;
				CLANG_CXX_LANGUAGE_STANDARD = "gnu++20";
				CLANG_ENABLE_MODULES = YES;
				CLANG_ENABLE_OBJC_ARC = YES;
				CLANG_ENABLE_OBJC_WEAK = YES;
				CLANG_WARN_BLOCK_CAPTURE_AUTORELEASING = YES;
				CLANG_WARN_BOOL_CONVERSION = YES;
				CLANG_WARN_COMMA = YES;
				CLANG_WARN_CONSTANT_CONVERSION = YES;
				CLANG_WARN_DEPRECATED_OBJC_IMPLEMENTATIONS = YES;
				CLANG_WARN_DIRECT_OBJC_ISA_USAGE = YES_ERROR;
				CLANG_WARN_DOCUMENTATION_COMMENTS = YES;
				CLANG_WARN_EMPTY_BODY = YES;
				CLANG_WARN_ENUM_CONVERSION = YES;
				CLANG_WARN_INFINITE_RECURSION = YES;
				CLANG_WARN_INT_CONVERSION = YES;
				CLANG_WARN_NON_LITERAL_NULL_CONVERSION = YES;
				CLANG_WARN_OBJC_IMPLICIT_RETAIN_SELF = YES;
				CLANG_WARN_OBJC_LITERAL_CONVERSION = YES;
				CLANG_WARN_OBJC_ROOT_CLASS = YES_ERROR;
				CLANG_WARN_QUOTED_INCLUDE_IN_FRAMEWORK_HEADER = YES;
				CLANG_WARN_RANGE_LOOP_ANALYSIS = YES;
				CLANG_WARN_STRICT_PROTOTYPES = YES;
				CLANG_WARN_SUSPICIOUS_MOVE = YES;
				CLANG_WARN_UNGUARDED_AVAILABILITY = YES_AGGRESSIVE;
				CLANG_WARN_UNREACHABLE_CODE = YES;
				CLANG_WARN__DUPLICATE_METHOD_MATCH = YES;
				COPY_PHASE_STRIP = NO;
				DEBUG_INFORMATION_FORMAT = dwarf;
				ENABLE_STRICT_OBJC_MSGSEND = YES;
				ENABLE_TESTABILITY = YES;
				ENABLE_USER_SCRIPT_SANDBOXING = YES;
				GCC_C_LANGUAGE_STANDARD = gnu11;
				GCC_DYNAMIC_NO_PIC = NO;
				GCC_NO_COMMON_BLOCKS = YES;
				GCC_OPTIMIZATION_LEVEL = 0;
				GCC_PREPROCESSOR_DEFINITIONS = (
					"DEBUG=1",
					"$(inherited)",
				);
				GCC_WARN_64_TO_32_BIT_CONVERSION = YES;
				GCC_WARN_ABOUT_RETURN_TYPE = YES_ERROR;
				GCC_WARN_UNDECLARED_SELECTOR = YES;
				GCC_WARN_UNINITIALIZED_AUTOS = YES_AGGRESSIVE;
				GCC_WARN_UNUSED_FUNCTION = YES;
				GCC_WARN_UNUSED_VARIABLE = YES;
				IPHONEOS_DEPLOYMENT_TARGET = 16.4;
				MTL_ENABLE_DEBUG_INFO = INCLUDE_SOURCE;
				MTL_FAST_MATH = YES;
				ONLY_ACTIVE_ARCH = YES;
				SDKROOT = iphoneos;
				SWIFT_ACTIVE_COMPILATION_CONDITIONS = DEBUG;
				SWIFT_OPTIMIZATION_LEVEL = "-Onone";
			};
			name = Debug;
		};
		4A40B4162ACAE83500BC6256 /* Release */ = {
			isa = XCBuildConfiguration;
			buildSettings = {
				ALWAYS_SEARCH_USER_PATHS = NO;
				CLANG_ANALYZER_NONNULL = YES;
				CLANG_ANALYZER_NUMBER_OBJECT_CONVERSION = YES_AGGRESSIVE;
				CLANG_CXX_LANGUAGE_STANDARD = "gnu++20";
				CLANG_ENABLE_MODULES = YES;
				CLANG_ENABLE_OBJC_ARC = YES;
				CLANG_ENABLE_OBJC_WEAK = YES;
				CLANG_WARN_BLOCK_CAPTURE_AUTORELEASING = YES;
				CLANG_WARN_BOOL_CONVERSION = YES;
				CLANG_WARN_COMMA = YES;
				CLANG_WARN_CONSTANT_CONVERSION = YES;
				CLANG_WARN_DEPRECATED_OBJC_IMPLEMENTATIONS = YES;
				CLANG_WARN_DIRECT_OBJC_ISA_USAGE = YES_ERROR;
				CLANG_WARN_DOCUMENTATION_COMMENTS = YES;
				CLANG_WARN_EMPTY_BODY = YES;
				CLANG_WARN_ENUM_CONVERSION = YES;
				CLANG_WARN_INFINITE_RECURSION = YES;
				CLANG_WARN_INT_CONVERSION = YES;
				CLANG_WARN_NON_LITERAL_NULL_CONVERSION = YES;
				CLANG_WARN_OBJC_IMPLICIT_RETAIN_SELF = YES;
				CLANG_WARN_OBJC_LITERAL_CONVERSION = YES;
				CLANG_WARN_OBJC_ROOT_CLASS = YES_ERROR;
				CLANG_WARN_QUOTED_INCLUDE_IN_FRAMEWORK_HEADER = YES;
				CLANG_WARN_RANGE_LOOP_ANALYSIS = YES;
				CLANG_WARN_STRICT_PROTOTYPES = YES;
				CLANG_WARN_SUSPICIOUS_MOVE = YES;
				CLANG_WARN_UNGUARDED_AVAILABILITY = YES_AGGRESSIVE;
				CLANG_WARN_UNREACHABLE_CODE = YES;
				CLANG_WARN__DUPLICATE_METHOD_MATCH = YES;
				COPY_PHASE_STRIP = NO;
				DEBUG_INFORMATION_FORMAT = "dwarf-with-dsym";
				ENABLE_NS_ASSERTIONS = NO;
				ENABLE_STRICT_OBJC_MSGSEND = YES;
				ENABLE_USER_SCRIPT_SANDBOXING = YES;
				GCC_C_LANGUAGE_STANDARD = gnu11;
				GCC_NO_COMMON_BLOCKS = YES;
				GCC_WARN_64_TO_32_BIT_CONVERSION = YES;
				GCC_WARN_ABOUT_RETURN_TYPE = YES_ERROR;
				GCC_WARN_UNDECLARED_SELECTOR = YES;
				GCC_WARN_UNINITIALIZED_AUTOS = YES_AGGRESSIVE;
				GCC_WARN_UNUSED_FUNCTION = YES;
				GCC_WARN_UNUSED_VARIABLE = YES;
				IPHONEOS_DEPLOYMENT_TARGET = 16.4;
				MTL_ENABLE_DEBUG_INFO = NO;
				MTL_FAST_MATH = YES;
				SDKROOT = iphoneos;
				SWIFT_COMPILATION_MODE = wholemodule;
				SWIFT_OPTIMIZATION_LEVEL = "-O";
				VALIDATE_PRODUCT = YES;
			};
			name = Release;
		};
		4A40B4182ACAE83500BC6256 /* Debug */ = {
			isa = XCBuildConfiguration;
			buildSettings = {
				ASSETCATALOG_COMPILER_APPICON_NAME = AppIcon;
				ASSETCATALOG_COMPILER_GLOBAL_ACCENT_COLOR_NAME = AccentColor;
				CODE_SIGN_ENTITLEMENTS = FxiOS/FxiOS.entitlements;
				CODE_SIGN_STYLE = Automatic;
				CURRENT_PROJECT_VERSION = 1;
				DEVELOPMENT_TEAM = K42P7PK4NT;
				GENERATE_INFOPLIST_FILE = YES;
				INFOPLIST_FILE = FxiOS/Info.plist;
				INFOPLIST_KEY_UIApplicationSupportsIndirectInputEvents = YES;
				INFOPLIST_KEY_UILaunchStoryboardName = LaunchScreen;
				INFOPLIST_KEY_UIRequiresFullScreen = YES;
				INFOPLIST_KEY_UISupportedInterfaceOrientations = UIInterfaceOrientationPortrait;
				IPHONEOS_DEPLOYMENT_TARGET = 17.0;
				LD_RUNPATH_SEARCH_PATHS = (
					"$(inherited)",
					"@executable_path/Frameworks",
				);
				MARKETING_VERSION = 1.0;
				PRODUCT_BUNDLE_IDENTIFIER = com.codiba.FxiOS;
				PRODUCT_NAME = "$(TARGET_NAME)";
				SUPPORTED_PLATFORMS = "iphoneos iphonesimulator";
				SUPPORTS_MACCATALYST = NO;
				SUPPORTS_MAC_DESIGNED_FOR_IPHONE_IPAD = NO;
				SWIFT_EMIT_LOC_STRINGS = YES;
				SWIFT_VERSION = 5.0;
				TARGETED_DEVICE_FAMILY = "1,2";
			};
			name = Debug;
		};
		4A40B4192ACAE83500BC6256 /* Release */ = {
			isa = XCBuildConfiguration;
			buildSettings = {
				ASSETCATALOG_COMPILER_APPICON_NAME = AppIcon;
				ASSETCATALOG_COMPILER_GLOBAL_ACCENT_COLOR_NAME = AccentColor;
				CODE_SIGN_ENTITLEMENTS = FxiOS/FxiOS.entitlements;
				CODE_SIGN_STYLE = Automatic;
				CURRENT_PROJECT_VERSION = 1;
				DEVELOPMENT_TEAM = K42P7PK4NT;
				GENERATE_INFOPLIST_FILE = YES;
				INFOPLIST_FILE = FxiOS/Info.plist;
				INFOPLIST_KEY_UIApplicationSupportsIndirectInputEvents = YES;
				INFOPLIST_KEY_UILaunchStoryboardName = LaunchScreen;
				INFOPLIST_KEY_UIRequiresFullScreen = YES;
				INFOPLIST_KEY_UISupportedInterfaceOrientations = UIInterfaceOrientationPortrait;
				IPHONEOS_DEPLOYMENT_TARGET = 17.0;
				LD_RUNPATH_SEARCH_PATHS = (
					"$(inherited)",
					"@executable_path/Frameworks",
				);
				MARKETING_VERSION = 1.0;
				PRODUCT_BUNDLE_IDENTIFIER = com.codiba.FxiOS;
				PRODUCT_NAME = "$(TARGET_NAME)";
				SUPPORTED_PLATFORMS = "iphoneos iphonesimulator";
				SUPPORTS_MACCATALYST = NO;
				SUPPORTS_MAC_DESIGNED_FOR_IPHONE_IPAD = NO;
				SWIFT_EMIT_LOC_STRINGS = YES;
				SWIFT_VERSION = 5.0;
				TARGETED_DEVICE_FAMILY = "1,2";
			};
			name = Release;
		};
/* End XCBuildConfiguration section */

/* Begin XCConfigurationList section */
		4A40B3FE2ACAE83400BC6256 /* Build configuration list for PBXProject "FxiOS" */ = {
			isa = XCConfigurationList;
			buildConfigurations = (
				4A40B4152ACAE83500BC6256 /* Debug */,
				4A40B4162ACAE83500BC6256 /* Release */,
			);
			defaultConfigurationIsVisible = 0;
			defaultConfigurationName = Release;
		};
		4A40B4172ACAE83500BC6256 /* Build configuration list for PBXNativeTarget "FxiOS" */ = {
			isa = XCConfigurationList;
			buildConfigurations = (
				4A40B4182ACAE83500BC6256 /* Debug */,
				4A40B4192ACAE83500BC6256 /* Release */,
			);
			defaultConfigurationIsVisible = 0;
			defaultConfigurationName = Release;
		};
/* End XCConfigurationList section */

/* Begin XCRemoteSwiftPackageReference section */
		4A25141C2ACB048A0051BD92 /* XCRemoteSwiftPackageReference "Swinject" */ = {
			isa = XCRemoteSwiftPackageReference;
			repositoryURL = "https://github.com/Swinject/Swinject.git";
			requirement = {
				kind = exactVersion;
				version = 2.8.3;
			};
		};
		4A25141F2ACB04A90051BD92 /* XCRemoteSwiftPackageReference "SwinjectAutoregistration" */ = {
			isa = XCRemoteSwiftPackageReference;
			repositoryURL = "https://github.com/Swinject/SwinjectAutoregistration.git";
			requirement = {
				kind = exactVersion;
				version = 2.8.3;
			};
		};
		4A40B41A2ACAEB1D00BC6256 /* XCRemoteSwiftPackageReference "firebase-ios-sdk" */ = {
			isa = XCRemoteSwiftPackageReference;
			repositoryURL = "https://github.com/firebase/firebase-ios-sdk";
			requirement = {
				kind = exactVersion;
				version = 10.15.0;
			};
		};
		4AF5B7172AD447B000E0C64C /* XCRemoteSwiftPackageReference "FirebaseUI-iOS" */ = {
			isa = XCRemoteSwiftPackageReference;
			repositoryURL = "https://github.com/firebase/FirebaseUI-iOS";
			requirement = {
				kind = revision;
				revision = a80bbc8fd3d27e097982ac44e66abe8b84b28ba3;
			};
		};
/* End XCRemoteSwiftPackageReference section */

/* Begin XCSwiftPackageProductDependency section */
		4A25141D2ACB048A0051BD92 /* Swinject */ = {
			isa = XCSwiftPackageProductDependency;
			package = 4A25141C2ACB048A0051BD92 /* XCRemoteSwiftPackageReference "Swinject" */;
			productName = Swinject;
		};
		4A2514202ACB04A90051BD92 /* SwinjectAutoregistration */ = {
			isa = XCSwiftPackageProductDependency;
			package = 4A25141F2ACB04A90051BD92 /* XCRemoteSwiftPackageReference "SwinjectAutoregistration" */;
			productName = SwinjectAutoregistration;
		};
		4A40B41B2ACAEB1D00BC6256 /* FirebaseAnalytics */ = {
			isa = XCSwiftPackageProductDependency;
			package = 4A40B41A2ACAEB1D00BC6256 /* XCRemoteSwiftPackageReference "firebase-ios-sdk" */;
			productName = FirebaseAnalytics;
		};
		4A40B41D2ACAEB1D00BC6256 /* FirebaseAnalyticsSwift */ = {
			isa = XCSwiftPackageProductDependency;
			package = 4A40B41A2ACAEB1D00BC6256 /* XCRemoteSwiftPackageReference "firebase-ios-sdk" */;
			productName = FirebaseAnalyticsSwift;
		};
		4A40B41F2ACAEB1D00BC6256 /* FirebaseAuth */ = {
			isa = XCSwiftPackageProductDependency;
			package = 4A40B41A2ACAEB1D00BC6256 /* XCRemoteSwiftPackageReference "firebase-ios-sdk" */;
			productName = FirebaseAuth;
		};
		4A40B4212ACAEB1D00BC6256 /* FirebaseCrashlytics */ = {
			isa = XCSwiftPackageProductDependency;
			package = 4A40B41A2ACAEB1D00BC6256 /* XCRemoteSwiftPackageReference "firebase-ios-sdk" */;
			productName = FirebaseCrashlytics;
		};
		4A40B4232ACAEB1D00BC6256 /* FirebaseMessaging */ = {
			isa = XCSwiftPackageProductDependency;
			package = 4A40B41A2ACAEB1D00BC6256 /* XCRemoteSwiftPackageReference "firebase-ios-sdk" */;
			productName = FirebaseMessaging;
		};
		4AF5B7182AD447B000E0C64C /* FirebaseAnonymousAuthUI */ = {
			isa = XCSwiftPackageProductDependency;
			package = 4AF5B7172AD447B000E0C64C /* XCRemoteSwiftPackageReference "FirebaseUI-iOS" */;
			productName = FirebaseAnonymousAuthUI;
		};
		4AF5B71A2AD447B000E0C64C /* FirebaseAuthUI */ = {
			isa = XCSwiftPackageProductDependency;
			package = 4AF5B7172AD447B000E0C64C /* XCRemoteSwiftPackageReference "FirebaseUI-iOS" */;
			productName = FirebaseAuthUI;
		};
		4AF5B71C2AD447B000E0C64C /* FirebaseDatabaseUI */ = {
			isa = XCSwiftPackageProductDependency;
			package = 4AF5B7172AD447B000E0C64C /* XCRemoteSwiftPackageReference "FirebaseUI-iOS" */;
			productName = FirebaseDatabaseUI;
		};
		4AF5B71E2AD447B000E0C64C /* FirebaseEmailAuthUI */ = {
			isa = XCSwiftPackageProductDependency;
			package = 4AF5B7172AD447B000E0C64C /* XCRemoteSwiftPackageReference "FirebaseUI-iOS" */;
			productName = FirebaseEmailAuthUI;
		};
		4AF5B7202AD447B000E0C64C /* FirebaseFacebookAuthUI */ = {
			isa = XCSwiftPackageProductDependency;
			package = 4AF5B7172AD447B000E0C64C /* XCRemoteSwiftPackageReference "FirebaseUI-iOS" */;
			productName = FirebaseFacebookAuthUI;
		};
		4AF5B7222AD447B000E0C64C /* FirebaseFirestoreUI */ = {
			isa = XCSwiftPackageProductDependency;
			package = 4AF5B7172AD447B000E0C64C /* XCRemoteSwiftPackageReference "FirebaseUI-iOS" */;
			productName = FirebaseFirestoreUI;
		};
		4AF5B7242AD447B000E0C64C /* FirebaseGoogleAuthUI */ = {
			isa = XCSwiftPackageProductDependency;
			package = 4AF5B7172AD447B000E0C64C /* XCRemoteSwiftPackageReference "FirebaseUI-iOS" */;
			productName = FirebaseGoogleAuthUI;
		};
		4AF5B7262AD447B000E0C64C /* FirebaseOAuthUI */ = {
			isa = XCSwiftPackageProductDependency;
			package = 4AF5B7172AD447B000E0C64C /* XCRemoteSwiftPackageReference "FirebaseUI-iOS" */;
			productName = FirebaseOAuthUI;
		};
		4AF5B7282AD447B000E0C64C /* FirebasePhoneAuthUI */ = {
			isa = XCSwiftPackageProductDependency;
			package = 4AF5B7172AD447B000E0C64C /* XCRemoteSwiftPackageReference "FirebaseUI-iOS" */;
			productName = FirebasePhoneAuthUI;
		};
		4AF5B72A2AD447B000E0C64C /* FirebaseStorageUI */ = {
			isa = XCSwiftPackageProductDependency;
			package = 4AF5B7172AD447B000E0C64C /* XCRemoteSwiftPackageReference "FirebaseUI-iOS" */;
			productName = FirebaseStorageUI;
		};
/* End XCSwiftPackageProductDependency section */
	};
	rootObject = 4A40B3FB2ACAE83400BC6256 /* Project object */;
}
