// !$*UTF8*$!
{
	archiveVersion = 1;
	classes = {
	};
	objectVersion = 56;
	objects = {

/* Begin PBXBuildFile section */
		4A2513F82ACAFB510051BD92 /* Authentication.docc in Sources */ = {isa = PBXBuildFile; fileRef = 4A2513F72ACAFB510051BD92 /* Authentication.docc */; };
		4A2513FE2ACAFB520051BD92 /* Authentication.framework in Frameworks */ = {isa = PBXBuildFile; fileRef = 4A2513F32ACAFB510051BD92 /* Authentication.framework */; };
		4A2514032ACAFB520051BD92 /* AuthenticationTests.swift in Sources */ = {isa = PBXBuildFile; fileRef = 4A2514022ACAFB520051BD92 /* AuthenticationTests.swift */; };
		4A2514042ACAFB520051BD92 /* Authentication.h in Headers */ = {isa = PBXBuildFile; fileRef = 4A2513F62ACAFB510051BD92 /* Authentication.h */; settings = {ATTRIBUTES = (Public, ); }; };
		4A2514102ACAFB8F0051BD92 /* LoginView.swift in Sources */ = {isa = PBXBuildFile; fileRef = 4A25140F2ACAFB8F0051BD92 /* LoginView.swift */; };
		4A2514122ACAFCE00051BD92 /* LoginViewModel.swift in Sources */ = {isa = PBXBuildFile; fileRef = 4A2514112ACAFCE00051BD92 /* LoginViewModel.swift */; };
		4A25141B2ACB034A0051BD92 /* LoginWithEmailAndPasswordUseCase.swift in Sources */ = {isa = PBXBuildFile; fileRef = 4A25141A2ACB034A0051BD92 /* LoginWithEmailAndPasswordUseCase.swift */; };
		4A25142F2ACB380B0051BD92 /* LoginRequestDTO.swift in Sources */ = {isa = PBXBuildFile; fileRef = 4A25142E2ACB380B0051BD92 /* LoginRequestDTO.swift */; };
		4A2514312ACB38300051BD92 /* LoginResponseDTO.swift in Sources */ = {isa = PBXBuildFile; fileRef = 4A2514302ACB38300051BD92 /* LoginResponseDTO.swift */; };
		4A2514332ACB38550051BD92 /* AuthenticationRepository.swift in Sources */ = {isa = PBXBuildFile; fileRef = 4A2514322ACB38550051BD92 /* AuthenticationRepository.swift */; };
		4A2514352ACB38920051BD92 /* LoginRequest.swift in Sources */ = {isa = PBXBuildFile; fileRef = 4A2514342ACB38920051BD92 /* LoginRequest.swift */; };
		4A2514372ACB38970051BD92 /* LoginResponse.swift in Sources */ = {isa = PBXBuildFile; fileRef = 4A2514362ACB38970051BD92 /* LoginResponse.swift */; };
		4A2514A02ACB51C90051BD92 /* AuthError.swift in Sources */ = {isa = PBXBuildFile; fileRef = 4A25149F2ACB51C90051BD92 /* AuthError.swift */; };
		4A2514A52ACB6DC50051BD92 /* RegisterView.swift in Sources */ = {isa = PBXBuildFile; fileRef = 4A2514A42ACB6DC50051BD92 /* RegisterView.swift */; };
		4A2514A72ACB6DD70051BD92 /* RegisterViewModel.swift in Sources */ = {isa = PBXBuildFile; fileRef = 4A2514A62ACB6DD70051BD92 /* RegisterViewModel.swift */; };
		4A2514AA2ACB6EE80051BD92 /* RegisterUseCase.swift in Sources */ = {isa = PBXBuildFile; fileRef = 4A2514A92ACB6EE80051BD92 /* RegisterUseCase.swift */; };
		4A2514AE2ACB6F170051BD92 /* RegisterRequest.swift in Sources */ = {isa = PBXBuildFile; fileRef = 4A2514AD2ACB6F170051BD92 /* RegisterRequest.swift */; };
		4A2514B02ACB6F1F0051BD92 /* RegisterResponse.swift in Sources */ = {isa = PBXBuildFile; fileRef = 4A2514AF2ACB6F1F0051BD92 /* RegisterResponse.swift */; };
		4A2514B32ACB6F6A0051BD92 /* RegisterRequestDTO.swift in Sources */ = {isa = PBXBuildFile; fileRef = 4A2514B22ACB6F6A0051BD92 /* RegisterRequestDTO.swift */; };
		4A2514B52ACB6F7C0051BD92 /* RegisterResponseDTO.swift in Sources */ = {isa = PBXBuildFile; fileRef = 4A2514B42ACB6F7C0051BD92 /* RegisterResponseDTO.swift */; };
		4A2514D62ACB756C0051BD92 /* LoginRouter.swift in Sources */ = {isa = PBXBuildFile; fileRef = 4A2514D52ACB756C0051BD92 /* LoginRouter.swift */; };
		4A2514DE2ACB77540051BD92 /* RegisterRouter.swift in Sources */ = {isa = PBXBuildFile; fileRef = 4A2514DD2ACB77540051BD92 /* RegisterRouter.swift */; };
		4A2514E02ACB78060051BD92 /* ViewFactory.swift in Sources */ = {isa = PBXBuildFile; fileRef = 4A2514DF2ACB78060051BD92 /* ViewFactory.swift */; };
/* End PBXBuildFile section */

/* Begin PBXContainerItemProxy section */
		4A2513FF2ACAFB520051BD92 /* PBXContainerItemProxy */ = {
			isa = PBXContainerItemProxy;
			containerPortal = 4A2513EA2ACAFB510051BD92 /* Project object */;
			proxyType = 1;
			remoteGlobalIDString = 4A2513F22ACAFB510051BD92;
			remoteInfo = Authentication;
		};
/* End PBXContainerItemProxy section */

/* Begin PBXFileReference section */
		4A2513F32ACAFB510051BD92 /* Authentication.framework */ = {isa = PBXFileReference; explicitFileType = wrapper.framework; includeInIndex = 0; path = Authentication.framework; sourceTree = BUILT_PRODUCTS_DIR; };
		4A2513F62ACAFB510051BD92 /* Authentication.h */ = {isa = PBXFileReference; lastKnownFileType = sourcecode.c.h; path = Authentication.h; sourceTree = "<group>"; };
		4A2513F72ACAFB510051BD92 /* Authentication.docc */ = {isa = PBXFileReference; lastKnownFileType = folder.documentationcatalog; path = Authentication.docc; sourceTree = "<group>"; };
		4A2513FD2ACAFB520051BD92 /* AuthenticationTests.xctest */ = {isa = PBXFileReference; explicitFileType = wrapper.cfbundle; includeInIndex = 0; path = AuthenticationTests.xctest; sourceTree = BUILT_PRODUCTS_DIR; };
		4A2514022ACAFB520051BD92 /* AuthenticationTests.swift */ = {isa = PBXFileReference; lastKnownFileType = sourcecode.swift; path = AuthenticationTests.swift; sourceTree = "<group>"; };
		4A25140F2ACAFB8F0051BD92 /* LoginView.swift */ = {isa = PBXFileReference; lastKnownFileType = sourcecode.swift; path = LoginView.swift; sourceTree = "<group>"; };
		4A2514112ACAFCE00051BD92 /* LoginViewModel.swift */ = {isa = PBXFileReference; lastKnownFileType = sourcecode.swift; path = LoginViewModel.swift; sourceTree = "<group>"; };
		4A25141A2ACB034A0051BD92 /* LoginWithEmailAndPasswordUseCase.swift */ = {isa = PBXFileReference; lastKnownFileType = sourcecode.swift; path = LoginWithEmailAndPasswordUseCase.swift; sourceTree = "<group>"; };
		4A25142E2ACB380B0051BD92 /* LoginRequestDTO.swift */ = {isa = PBXFileReference; lastKnownFileType = sourcecode.swift; path = LoginRequestDTO.swift; sourceTree = "<group>"; };
		4A2514302ACB38300051BD92 /* LoginResponseDTO.swift */ = {isa = PBXFileReference; lastKnownFileType = sourcecode.swift; path = LoginResponseDTO.swift; sourceTree = "<group>"; };
		4A2514322ACB38550051BD92 /* AuthenticationRepository.swift */ = {isa = PBXFileReference; lastKnownFileType = sourcecode.swift; path = AuthenticationRepository.swift; sourceTree = "<group>"; };
		4A2514342ACB38920051BD92 /* LoginRequest.swift */ = {isa = PBXFileReference; lastKnownFileType = sourcecode.swift; path = LoginRequest.swift; sourceTree = "<group>"; };
		4A2514362ACB38970051BD92 /* LoginResponse.swift */ = {isa = PBXFileReference; lastKnownFileType = sourcecode.swift; path = LoginResponse.swift; sourceTree = "<group>"; };
		4A25149F2ACB51C90051BD92 /* AuthError.swift */ = {isa = PBXFileReference; lastKnownFileType = sourcecode.swift; path = AuthError.swift; sourceTree = "<group>"; };
		4A2514A42ACB6DC50051BD92 /* RegisterView.swift */ = {isa = PBXFileReference; lastKnownFileType = sourcecode.swift; path = RegisterView.swift; sourceTree = "<group>"; };
		4A2514A62ACB6DD70051BD92 /* RegisterViewModel.swift */ = {isa = PBXFileReference; lastKnownFileType = sourcecode.swift; path = RegisterViewModel.swift; sourceTree = "<group>"; };
		4A2514A92ACB6EE80051BD92 /* RegisterUseCase.swift */ = {isa = PBXFileReference; lastKnownFileType = sourcecode.swift; path = RegisterUseCase.swift; sourceTree = "<group>"; };
		4A2514AD2ACB6F170051BD92 /* RegisterRequest.swift */ = {isa = PBXFileReference; lastKnownFileType = sourcecode.swift; path = RegisterRequest.swift; sourceTree = "<group>"; };
		4A2514AF2ACB6F1F0051BD92 /* RegisterResponse.swift */ = {isa = PBXFileReference; lastKnownFileType = sourcecode.swift; path = RegisterResponse.swift; sourceTree = "<group>"; };
		4A2514B22ACB6F6A0051BD92 /* RegisterRequestDTO.swift */ = {isa = PBXFileReference; lastKnownFileType = sourcecode.swift; path = RegisterRequestDTO.swift; sourceTree = "<group>"; };
		4A2514B42ACB6F7C0051BD92 /* RegisterResponseDTO.swift */ = {isa = PBXFileReference; lastKnownFileType = sourcecode.swift; path = RegisterResponseDTO.swift; sourceTree = "<group>"; };
		4A2514D52ACB756C0051BD92 /* LoginRouter.swift */ = {isa = PBXFileReference; lastKnownFileType = sourcecode.swift; path = LoginRouter.swift; sourceTree = "<group>"; };
		4A2514DD2ACB77540051BD92 /* RegisterRouter.swift */ = {isa = PBXFileReference; lastKnownFileType = sourcecode.swift; path = RegisterRouter.swift; sourceTree = "<group>"; };
		4A2514DF2ACB78060051BD92 /* ViewFactory.swift */ = {isa = PBXFileReference; lastKnownFileType = sourcecode.swift; path = ViewFactory.swift; sourceTree = "<group>"; };
/* End PBXFileReference section */

/* Begin PBXFrameworksBuildPhase section */
		4A2513F02ACAFB510051BD92 /* Frameworks */ = {
			isa = PBXFrameworksBuildPhase;
			buildActionMask = 2147483647;
			files = (
			);
			runOnlyForDeploymentPostprocessing = 0;
		};
		4A2513FA2ACAFB520051BD92 /* Frameworks */ = {
			isa = PBXFrameworksBuildPhase;
			buildActionMask = 2147483647;
			files = (
				4A2513FE2ACAFB520051BD92 /* Authentication.framework in Frameworks */,
			);
			runOnlyForDeploymentPostprocessing = 0;
		};
/* End PBXFrameworksBuildPhase section */

/* Begin PBXGroup section */
		4A2513E92ACAFB510051BD92 = {
			isa = PBXGroup;
			children = (
				4A2513F52ACAFB510051BD92 /* Authentication */,
				4A2514012ACAFB520051BD92 /* AuthenticationTests */,
				4A2513F42ACAFB510051BD92 /* Products */,
				4A2514902ACB45640051BD92 /* Frameworks */,
			);
			sourceTree = "<group>";
		};
		4A2513F42ACAFB510051BD92 /* Products */ = {
			isa = PBXGroup;
			children = (
				4A2513F32ACAFB510051BD92 /* Authentication.framework */,
				4A2513FD2ACAFB520051BD92 /* AuthenticationTests.xctest */,
			);
			name = Products;
			sourceTree = "<group>";
		};
		4A2513F52ACAFB510051BD92 /* Authentication */ = {
			isa = PBXGroup;
			children = (
				4A40C1472ACF0E760056CA16 /* Utilities */,
				4A2514282ACB37290051BD92 /* Data */,
				4A2514272ACB37230051BD92 /* Domain */,
				4A2514192ACB033B0051BD92 /* Presentation */,
				4A2513F62ACAFB510051BD92 /* Authentication.h */,
				4A2513F72ACAFB510051BD92 /* Authentication.docc */,
			);
			path = Authentication;
			sourceTree = "<group>";
		};
		4A2514012ACAFB520051BD92 /* AuthenticationTests */ = {
			isa = PBXGroup;
			children = (
				4A2514022ACAFB520051BD92 /* AuthenticationTests.swift */,
			);
			path = AuthenticationTests;
			sourceTree = "<group>";
		};
		4A25140D2ACAFB670051BD92 /* Login */ = {
			isa = PBXGroup;
			children = (
				4A25140F2ACAFB8F0051BD92 /* LoginView.swift */,
				4A2514112ACAFCE00051BD92 /* LoginViewModel.swift */,
				4A2514D52ACB756C0051BD92 /* LoginRouter.swift */,
			);
			path = Login;
			sourceTree = "<group>";
		};
		4A25140E2ACAFB750051BD92 /* Register */ = {
			isa = PBXGroup;
			children = (
				4A2514A42ACB6DC50051BD92 /* RegisterView.swift */,
				4A2514A62ACB6DD70051BD92 /* RegisterViewModel.swift */,
				4A2514DD2ACB77540051BD92 /* RegisterRouter.swift */,
			);
			path = Register;
			sourceTree = "<group>";
		};
		4A2514192ACB033B0051BD92 /* Presentation */ = {
			isa = PBXGroup;
			children = (
				4A25140E2ACAFB750051BD92 /* Register */,
				4A25140D2ACAFB670051BD92 /* Login */,
				4A2514DF2ACB78060051BD92 /* ViewFactory.swift */,
			);
			path = Presentation;
			sourceTree = "<group>";
		};
		4A2514272ACB37230051BD92 /* Domain */ = {
			isa = PBXGroup;
			children = (
				4A25142C2ACB37D80051BD92 /* Model */,
				4A25141A2ACB034A0051BD92 /* LoginWithEmailAndPasswordUseCase.swift */,
				4A2514A92ACB6EE80051BD92 /* RegisterUseCase.swift */,
			);
			path = Domain;
			sourceTree = "<group>";
		};
		4A2514282ACB37290051BD92 /* Data */ = {
			isa = PBXGroup;
			children = (
				4A25142A2ACB37440051BD92 /* DTO */,
				4A2514322ACB38550051BD92 /* AuthenticationRepository.swift */,
			);
			path = Data;
			sourceTree = "<group>";
		};
		4A25142A2ACB37440051BD92 /* DTO */ = {
			isa = PBXGroup;
			children = (
				4A2514B12ACB6F5D0051BD92 /* Register */,
				4A25142D2ACB37E60051BD92 /* Login */,
				4A25149F2ACB51C90051BD92 /* AuthError.swift */,
			);
			path = DTO;
			sourceTree = "<group>";
		};
		4A25142C2ACB37D80051BD92 /* Model */ = {
			isa = PBXGroup;
			children = (
				4A2514AC2ACB6F0B0051BD92 /* Register */,
				4A2514AB2ACB6F040051BD92 /* Login */,
			);
			path = Model;
			sourceTree = "<group>";
		};
		4A25142D2ACB37E60051BD92 /* Login */ = {
			isa = PBXGroup;
			children = (
				4A25142E2ACB380B0051BD92 /* LoginRequestDTO.swift */,
				4A2514302ACB38300051BD92 /* LoginResponseDTO.swift */,
			);
			path = Login;
			sourceTree = "<group>";
		};
		4A2514902ACB45640051BD92 /* Frameworks */ = {
			isa = PBXGroup;
			children = (
			);
			name = Frameworks;
			sourceTree = "<group>";
		};
		4A2514AB2ACB6F040051BD92 /* Login */ = {
			isa = PBXGroup;
			children = (
				4A2514342ACB38920051BD92 /* LoginRequest.swift */,
				4A2514362ACB38970051BD92 /* LoginResponse.swift */,
			);
			path = Login;
			sourceTree = "<group>";
		};
		4A2514AC2ACB6F0B0051BD92 /* Register */ = {
			isa = PBXGroup;
			children = (
				4A2514AD2ACB6F170051BD92 /* RegisterRequest.swift */,
				4A2514AF2ACB6F1F0051BD92 /* RegisterResponse.swift */,
			);
			path = Register;
			sourceTree = "<group>";
		};
		4A2514B12ACB6F5D0051BD92 /* Register */ = {
			isa = PBXGroup;
			children = (
				4A2514B22ACB6F6A0051BD92 /* RegisterRequestDTO.swift */,
				4A2514B42ACB6F7C0051BD92 /* RegisterResponseDTO.swift */,
			);
			path = Register;
			sourceTree = "<group>";
		};
		4A40C1472ACF0E760056CA16 /* Utilities */ = {
			isa = PBXGroup;
			children = (
			);
			path = Utilities;
			sourceTree = "<group>";
		};
/* End PBXGroup section */

/* Begin PBXHeadersBuildPhase section */
		4A2513EE2ACAFB510051BD92 /* Headers */ = {
			isa = PBXHeadersBuildPhase;
			buildActionMask = 2147483647;
			files = (
				4A2514042ACAFB520051BD92 /* Authentication.h in Headers */,
			);
			runOnlyForDeploymentPostprocessing = 0;
		};
/* End PBXHeadersBuildPhase section */

/* Begin PBXNativeTarget section */
		4A2513F22ACAFB510051BD92 /* Authentication */ = {
			isa = PBXNativeTarget;
			buildConfigurationList = 4A2514072ACAFB520051BD92 /* Build configuration list for PBXNativeTarget "Authentication" */;
			buildPhases = (
				4A2513EE2ACAFB510051BD92 /* Headers */,
				4A2513EF2ACAFB510051BD92 /* Sources */,
				4A2513F02ACAFB510051BD92 /* Frameworks */,
				4A2513F12ACAFB510051BD92 /* Resources */,
			);
			buildRules = (
			);
			dependencies = (
			);
			name = Authentication;
			productName = Authentication;
			productReference = 4A2513F32ACAFB510051BD92 /* Authentication.framework */;
			productType = "com.apple.product-type.framework";
		};
		4A2513FC2ACAFB520051BD92 /* AuthenticationTests */ = {
			isa = PBXNativeTarget;
			buildConfigurationList = 4A25140A2ACAFB520051BD92 /* Build configuration list for PBXNativeTarget "AuthenticationTests" */;
			buildPhases = (
				4A2513F92ACAFB520051BD92 /* Sources */,
				4A2513FA2ACAFB520051BD92 /* Frameworks */,
				4A2513FB2ACAFB520051BD92 /* Resources */,
			);
			buildRules = (
			);
			dependencies = (
				4A2514002ACAFB520051BD92 /* PBXTargetDependency */,
			);
			name = AuthenticationTests;
			productName = AuthenticationTests;
			productReference = 4A2513FD2ACAFB520051BD92 /* AuthenticationTests.xctest */;
			productType = "com.apple.product-type.bundle.unit-test";
		};
/* End PBXNativeTarget section */

/* Begin PBXProject section */
		4A2513EA2ACAFB510051BD92 /* Project object */ = {
			isa = PBXProject;
			attributes = {
				BuildIndependentTargetsInParallel = 1;
				LastSwiftUpdateCheck = 1430;
				LastUpgradeCheck = 1500;
				TargetAttributes = {
					4A2513F22ACAFB510051BD92 = {
						CreatedOnToolsVersion = 14.3.1;
					};
					4A2513FC2ACAFB520051BD92 = {
						CreatedOnToolsVersion = 14.3.1;
					};
				};
			};
			buildConfigurationList = 4A2513ED2ACAFB510051BD92 /* Build configuration list for PBXProject "Authentication" */;
			compatibilityVersion = "Xcode 14.0";
			developmentRegion = en;
			hasScannedForEncodings = 0;
			knownRegions = (
				en,
				Base,
			);
			mainGroup = 4A2513E92ACAFB510051BD92;
			productRefGroup = 4A2513F42ACAFB510051BD92 /* Products */;
			projectDirPath = "";
			projectRoot = "";
			targets = (
				4A2513F22ACAFB510051BD92 /* Authentication */,
				4A2513FC2ACAFB520051BD92 /* AuthenticationTests */,
			);
		};
/* End PBXProject section */

/* Begin PBXResourcesBuildPhase section */
		4A2513F12ACAFB510051BD92 /* Resources */ = {
			isa = PBXResourcesBuildPhase;
			buildActionMask = 2147483647;
			files = (
			);
			runOnlyForDeploymentPostprocessing = 0;
		};
		4A2513FB2ACAFB520051BD92 /* Resources */ = {
			isa = PBXResourcesBuildPhase;
			buildActionMask = 2147483647;
			files = (
			);
			runOnlyForDeploymentPostprocessing = 0;
		};
/* End PBXResourcesBuildPhase section */

/* Begin PBXSourcesBuildPhase section */
		4A2513EF2ACAFB510051BD92 /* Sources */ = {
			isa = PBXSourcesBuildPhase;
			buildActionMask = 2147483647;
			files = (
				4A2514AA2ACB6EE80051BD92 /* RegisterUseCase.swift in Sources */,
				4A2514A52ACB6DC50051BD92 /* RegisterView.swift in Sources */,
				4A2514102ACAFB8F0051BD92 /* LoginView.swift in Sources */,
				4A2514B02ACB6F1F0051BD92 /* RegisterResponse.swift in Sources */,
				4A2513F82ACAFB510051BD92 /* Authentication.docc in Sources */,
				4A2514AE2ACB6F170051BD92 /* RegisterRequest.swift in Sources */,
				4A2514372ACB38970051BD92 /* LoginResponse.swift in Sources */,
				4A2514E02ACB78060051BD92 /* ViewFactory.swift in Sources */,
				4A2514312ACB38300051BD92 /* LoginResponseDTO.swift in Sources */,
				4A2514B32ACB6F6A0051BD92 /* RegisterRequestDTO.swift in Sources */,
				4A2514A02ACB51C90051BD92 /* AuthError.swift in Sources */,
				4A2514122ACAFCE00051BD92 /* LoginViewModel.swift in Sources */,
				4A2514A72ACB6DD70051BD92 /* RegisterViewModel.swift in Sources */,
				4A25142F2ACB380B0051BD92 /* LoginRequestDTO.swift in Sources */,
				4A25141B2ACB034A0051BD92 /* LoginWithEmailAndPasswordUseCase.swift in Sources */,
				4A2514D62ACB756C0051BD92 /* LoginRouter.swift in Sources */,
				4A2514DE2ACB77540051BD92 /* RegisterRouter.swift in Sources */,
				4A2514B52ACB6F7C0051BD92 /* RegisterResponseDTO.swift in Sources */,
				4A2514332ACB38550051BD92 /* AuthenticationRepository.swift in Sources */,
				4A2514352ACB38920051BD92 /* LoginRequest.swift in Sources */,
			);
			runOnlyForDeploymentPostprocessing = 0;
		};
		4A2513F92ACAFB520051BD92 /* Sources */ = {
			isa = PBXSourcesBuildPhase;
			buildActionMask = 2147483647;
			files = (
				4A2514032ACAFB520051BD92 /* AuthenticationTests.swift in Sources */,
			);
			runOnlyForDeploymentPostprocessing = 0;
		};
/* End PBXSourcesBuildPhase section */

/* Begin PBXTargetDependency section */
		4A2514002ACAFB520051BD92 /* PBXTargetDependency */ = {
			isa = PBXTargetDependency;
			target = 4A2513F22ACAFB510051BD92 /* Authentication */;
			targetProxy = 4A2513FF2ACAFB520051BD92 /* PBXContainerItemProxy */;
		};
/* End PBXTargetDependency section */

/* Begin XCBuildConfiguration section */
		4A2514052ACAFB520051BD92 /* Debug */ = {
			isa = XCBuildConfiguration;
			buildSettings = {
				ALWAYS_SEARCH_USER_PATHS = NO;
				CLANG_ANALYZER_NONNULL = YES;
				CLANG_ANALYZER_NUMBER_OBJECT_CONVERSION = YES_AGGRESSIVE;
				CLANG_CXX_LANGUAGE_STANDARD = "gnu++20";
				CLANG_ENABLE_MODULES = YES;
				CLANG_ENABLE_OBJC_ARC = YES;
				CLANG_ENABLE_OBJC_WEAK = YES;
				CLANG_WARN_BLOCK_CAPTURE_AUTORELEASING = YES;
				CLANG_WARN_BOOL_CONVERSION = YES;
				CLANG_WARN_COMMA = YES;
				CLANG_WARN_CONSTANT_CONVERSION = YES;
				CLANG_WARN_DEPRECATED_OBJC_IMPLEMENTATIONS = YES;
				CLANG_WARN_DIRECT_OBJC_ISA_USAGE = YES_ERROR;
				CLANG_WARN_DOCUMENTATION_COMMENTS = YES;
				CLANG_WARN_EMPTY_BODY = YES;
				CLANG_WARN_ENUM_CONVERSION = YES;
				CLANG_WARN_INFINITE_RECURSION = YES;
				CLANG_WARN_INT_CONVERSION = YES;
				CLANG_WARN_NON_LITERAL_NULL_CONVERSION = YES;
				CLANG_WARN_OBJC_IMPLICIT_RETAIN_SELF = YES;
				CLANG_WARN_OBJC_LITERAL_CONVERSION = YES;
				CLANG_WARN_OBJC_ROOT_CLASS = YES_ERROR;
				CLANG_WARN_QUOTED_INCLUDE_IN_FRAMEWORK_HEADER = YES;
				CLANG_WARN_RANGE_LOOP_ANALYSIS = YES;
				CLANG_WARN_STRICT_PROTOTYPES = YES;
				CLANG_WARN_SUSPICIOUS_MOVE = YES;
				CLANG_WARN_UNGUARDED_AVAILABILITY = YES_AGGRESSIVE;
				CLANG_WARN_UNREACHABLE_CODE = YES;
				CLANG_WARN__DUPLICATE_METHOD_MATCH = YES;
				COPY_PHASE_STRIP = NO;
				CURRENT_PROJECT_VERSION = 1;
				DEBUG_INFORMATION_FORMAT = dwarf;
				ENABLE_STRICT_OBJC_MSGSEND = YES;
				ENABLE_TESTABILITY = YES;
				ENABLE_USER_SCRIPT_SANDBOXING = YES;
				GCC_C_LANGUAGE_STANDARD = gnu11;
				GCC_DYNAMIC_NO_PIC = NO;
				GCC_NO_COMMON_BLOCKS = YES;
				GCC_OPTIMIZATION_LEVEL = 0;
				GCC_PREPROCESSOR_DEFINITIONS = (
					"DEBUG=1",
					"$(inherited)",
				);
				GCC_WARN_64_TO_32_BIT_CONVERSION = YES;
				GCC_WARN_ABOUT_RETURN_TYPE = YES_ERROR;
				GCC_WARN_UNDECLARED_SELECTOR = YES;
				GCC_WARN_UNINITIALIZED_AUTOS = YES_AGGRESSIVE;
				GCC_WARN_UNUSED_FUNCTION = YES;
				GCC_WARN_UNUSED_VARIABLE = YES;
				IPHONEOS_DEPLOYMENT_TARGET = 16.4;
				MTL_ENABLE_DEBUG_INFO = INCLUDE_SOURCE;
				MTL_FAST_MATH = YES;
				ONLY_ACTIVE_ARCH = YES;
				SDKROOT = iphoneos;
				SWIFT_ACTIVE_COMPILATION_CONDITIONS = DEBUG;
				SWIFT_OPTIMIZATION_LEVEL = "-Onone";
				VERSIONING_SYSTEM = "apple-generic";
				VERSION_INFO_PREFIX = "";
			};
			name = Debug;
		};
		4A2514062ACAFB520051BD92 /* Release */ = {
			isa = XCBuildConfiguration;
			buildSettings = {
				ALWAYS_SEARCH_USER_PATHS = NO;
				CLANG_ANALYZER_NONNULL = YES;
				CLANG_ANALYZER_NUMBER_OBJECT_CONVERSION = YES_AGGRESSIVE;
				CLANG_CXX_LANGUAGE_STANDARD = "gnu++20";
				CLANG_ENABLE_MODULES = YES;
				CLANG_ENABLE_OBJC_ARC = YES;
				CLANG_ENABLE_OBJC_WEAK = YES;
				CLANG_WARN_BLOCK_CAPTURE_AUTORELEASING = YES;
				CLANG_WARN_BOOL_CONVERSION = YES;
				CLANG_WARN_COMMA = YES;
				CLANG_WARN_CONSTANT_CONVERSION = YES;
				CLANG_WARN_DEPRECATED_OBJC_IMPLEMENTATIONS = YES;
				CLANG_WARN_DIRECT_OBJC_ISA_USAGE = YES_ERROR;
				CLANG_WARN_DOCUMENTATION_COMMENTS = YES;
				CLANG_WARN_EMPTY_BODY = YES;
				CLANG_WARN_ENUM_CONVERSION = YES;
				CLANG_WARN_INFINITE_RECURSION = YES;
				CLANG_WARN_INT_CONVERSION = YES;
				CLANG_WARN_NON_LITERAL_NULL_CONVERSION = YES;
				CLANG_WARN_OBJC_IMPLICIT_RETAIN_SELF = YES;
				CLANG_WARN_OBJC_LITERAL_CONVERSION = YES;
				CLANG_WARN_OBJC_ROOT_CLASS = YES_ERROR;
				CLANG_WARN_QUOTED_INCLUDE_IN_FRAMEWORK_HEADER = YES;
				CLANG_WARN_RANGE_LOOP_ANALYSIS = YES;
				CLANG_WARN_STRICT_PROTOTYPES = YES;
				CLANG_WARN_SUSPICIOUS_MOVE = YES;
				CLANG_WARN_UNGUARDED_AVAILABILITY = YES_AGGRESSIVE;
				CLANG_WARN_UNREACHABLE_CODE = YES;
				CLANG_WARN__DUPLICATE_METHOD_MATCH = YES;
				COPY_PHASE_STRIP = NO;
				CURRENT_PROJECT_VERSION = 1;
				DEBUG_INFORMATION_FORMAT = "dwarf-with-dsym";
				ENABLE_NS_ASSERTIONS = NO;
				ENABLE_STRICT_OBJC_MSGSEND = YES;
				ENABLE_USER_SCRIPT_SANDBOXING = YES;
				GCC_C_LANGUAGE_STANDARD = gnu11;
				GCC_NO_COMMON_BLOCKS = YES;
				GCC_WARN_64_TO_32_BIT_CONVERSION = YES;
				GCC_WARN_ABOUT_RETURN_TYPE = YES_ERROR;
				GCC_WARN_UNDECLARED_SELECTOR = YES;
				GCC_WARN_UNINITIALIZED_AUTOS = YES_AGGRESSIVE;
				GCC_WARN_UNUSED_FUNCTION = YES;
				GCC_WARN_UNUSED_VARIABLE = YES;
				IPHONEOS_DEPLOYMENT_TARGET = 16.4;
				MTL_ENABLE_DEBUG_INFO = NO;
				MTL_FAST_MATH = YES;
				SDKROOT = iphoneos;
				SWIFT_COMPILATION_MODE = wholemodule;
				SWIFT_OPTIMIZATION_LEVEL = "-O";
				VALIDATE_PRODUCT = YES;
				VERSIONING_SYSTEM = "apple-generic";
				VERSION_INFO_PREFIX = "";
			};
			name = Release;
		};
		4A2514082ACAFB520051BD92 /* Debug */ = {
			isa = XCBuildConfiguration;
			buildSettings = {
				CODE_SIGN_IDENTITY = "";
				CODE_SIGN_STYLE = Automatic;
				CURRENT_PROJECT_VERSION = 1;
				DEFINES_MODULE = YES;
				DEVELOPMENT_TEAM = K42P7PK4NT;
				DYLIB_COMPATIBILITY_VERSION = 1;
				DYLIB_CURRENT_VERSION = 1;
				DYLIB_INSTALL_NAME_BASE = "@rpath";
				ENABLE_MODULE_VERIFIER = YES;
				GENERATE_INFOPLIST_FILE = YES;
				INFOPLIST_KEY_NSHumanReadableCopyright = "";
				INSTALL_PATH = "$(LOCAL_LIBRARY_DIR)/Frameworks";
				IPHONEOS_DEPLOYMENT_TARGET = 17.0;
				LD_RUNPATH_SEARCH_PATHS = (
					"$(inherited)",
					"@executable_path/Frameworks",
					"@loader_path/Frameworks",
				);
				MARKETING_VERSION = 1.0;
				MODULE_VERIFIER_SUPPORTED_LANGUAGES = "objective-c objective-c++";
				MODULE_VERIFIER_SUPPORTED_LANGUAGE_STANDARDS = "gnu11 gnu++20";
				PRODUCT_BUNDLE_IDENTIFIER = com.codiba.Authentication;
				PRODUCT_NAME = "$(TARGET_NAME:c99extidentifier)";
				SKIP_INSTALL = YES;
				SUPPORTED_PLATFORMS = "iphoneos iphonesimulator";
				SUPPORTS_MACCATALYST = NO;
				SUPPORTS_MAC_DESIGNED_FOR_IPHONE_IPAD = NO;
				SWIFT_EMIT_LOC_STRINGS = YES;
				SWIFT_VERSION = 5.0;
				TARGETED_DEVICE_FAMILY = "1,2";
			};
			name = Debug;
		};
		4A2514092ACAFB520051BD92 /* Release */ = {
			isa = XCBuildConfiguration;
			buildSettings = {
				CODE_SIGN_IDENTITY = "";
				CODE_SIGN_STYLE = Automatic;
				CURRENT_PROJECT_VERSION = 1;
				DEFINES_MODULE = YES;
				DEVELOPMENT_TEAM = K42P7PK4NT;
				DYLIB_COMPATIBILITY_VERSION = 1;
				DYLIB_CURRENT_VERSION = 1;
				DYLIB_INSTALL_NAME_BASE = "@rpath";
				ENABLE_MODULE_VERIFIER = YES;
				GENERATE_INFOPLIST_FILE = YES;
				INFOPLIST_KEY_NSHumanReadableCopyright = "";
				INSTALL_PATH = "$(LOCAL_LIBRARY_DIR)/Frameworks";
				IPHONEOS_DEPLOYMENT_TARGET = 17.0;
				LD_RUNPATH_SEARCH_PATHS = (
					"$(inherited)",
					"@executable_path/Frameworks",
					"@loader_path/Frameworks",
				);
				MARKETING_VERSION = 1.0;
				MODULE_VERIFIER_SUPPORTED_LANGUAGES = "objective-c objective-c++";
				MODULE_VERIFIER_SUPPORTED_LANGUAGE_STANDARDS = "gnu11 gnu++20";
				PRODUCT_BUNDLE_IDENTIFIER = com.codiba.Authentication;
				PRODUCT_NAME = "$(TARGET_NAME:c99extidentifier)";
				SKIP_INSTALL = YES;
				SUPPORTED_PLATFORMS = "iphoneos iphonesimulator";
				SUPPORTS_MACCATALYST = NO;
				SUPPORTS_MAC_DESIGNED_FOR_IPHONE_IPAD = NO;
				SWIFT_EMIT_LOC_STRINGS = YES;
				SWIFT_VERSION = 5.0;
				TARGETED_DEVICE_FAMILY = "1,2";
			};
			name = Release;
		};
		4A25140B2ACAFB520051BD92 /* Debug */ = {
			isa = XCBuildConfiguration;
			buildSettings = {
				ALWAYS_EMBED_SWIFT_STANDARD_LIBRARIES = YES;
				CODE_SIGN_STYLE = Automatic;
				CURRENT_PROJECT_VERSION = 1;
				DEVELOPMENT_TEAM = K42P7PK4NT;
				GENERATE_INFOPLIST_FILE = YES;
				MARKETING_VERSION = 1.0;
				PRODUCT_BUNDLE_IDENTIFIER = com.codiba.AuthenticationTests;
				PRODUCT_NAME = "$(TARGET_NAME)";
				SWIFT_EMIT_LOC_STRINGS = NO;
				SWIFT_VERSION = 5.0;
				TARGETED_DEVICE_FAMILY = "1,2";
			};
			name = Debug;
		};
		4A25140C2ACAFB520051BD92 /* Release */ = {
			isa = XCBuildConfiguration;
			buildSettings = {
				ALWAYS_EMBED_SWIFT_STANDARD_LIBRARIES = YES;
				CODE_SIGN_STYLE = Automatic;
				CURRENT_PROJECT_VERSION = 1;
				DEVELOPMENT_TEAM = K42P7PK4NT;
				GENERATE_INFOPLIST_FILE = YES;
				MARKETING_VERSION = 1.0;
				PRODUCT_BUNDLE_IDENTIFIER = com.codiba.AuthenticationTests;
				PRODUCT_NAME = "$(TARGET_NAME)";
				SWIFT_EMIT_LOC_STRINGS = NO;
				SWIFT_VERSION = 5.0;
				TARGETED_DEVICE_FAMILY = "1,2";
			};
			name = Release;
		};
/* End XCBuildConfiguration section */

/* Begin XCConfigurationList section */
		4A2513ED2ACAFB510051BD92 /* Build configuration list for PBXProject "Authentication" */ = {
			isa = XCConfigurationList;
			buildConfigurations = (
				4A2514052ACAFB520051BD92 /* Debug */,
				4A2514062ACAFB520051BD92 /* Release */,
			);
			defaultConfigurationIsVisible = 0;
			defaultConfigurationName = Release;
		};
		4A2514072ACAFB520051BD92 /* Build configuration list for PBXNativeTarget "Authentication" */ = {
			isa = XCConfigurationList;
			buildConfigurations = (
				4A2514082ACAFB520051BD92 /* Debug */,
				4A2514092ACAFB520051BD92 /* Release */,
			);
			defaultConfigurationIsVisible = 0;
			defaultConfigurationName = Release;
		};
		4A25140A2ACAFB520051BD92 /* Build configuration list for PBXNativeTarget "AuthenticationTests" */ = {
			isa = XCConfigurationList;
			buildConfigurations = (
				4A25140B2ACAFB520051BD92 /* Debug */,
				4A25140C2ACAFB520051BD92 /* Release */,
			);
			defaultConfigurationIsVisible = 0;
			defaultConfigurationName = Release;
		};
/* End XCConfigurationList section */
	};
	rootObject = 4A2513EA2ACAFB510051BD92 /* Project object */;
}
